// !$*UTF8*$!
{
	archiveVersion = 1;
	classes = {
	};
	objectVersion = 50;
	objects = {

/* Begin PBXBuildFile section */
		50CB77BE25D958FA0092CC59 /* Tips.framework in Frameworks */ = {isa = PBXBuildFile; fileRef = 50CB77B425D958FA0092CC59 /* Tips.framework */; };
		50CB77C325D958FA0092CC59 /* TipsTests.swift in Sources */ = {isa = PBXBuildFile; fileRef = 50CB77C225D958FA0092CC59 /* TipsTests.swift */; };
		50CB77C525D958FA0092CC59 /* Tips.h in Headers */ = {isa = PBXBuildFile; fileRef = 50CB77B725D958FA0092CC59 /* Tips.h */; settings = {ATTRIBUTES = (Public, ); }; };
		50CB77D625D9592A0092CC59 /* TipsCoordinator.swift in Sources */ = {isa = PBXBuildFile; fileRef = 50CB77D025D9592A0092CC59 /* TipsCoordinator.swift */; };
		50CB77D725D9592A0092CC59 /* TipsModuleBuilder.swift in Sources */ = {isa = PBXBuildFile; fileRef = 50CB77D125D9592A0092CC59 /* TipsModuleBuilder.swift */; };
		50CB77D825D9592A0092CC59 /* TipsUseCase.swift in Sources */ = {isa = PBXBuildFile; fileRef = 50CB77D225D9592A0092CC59 /* TipsUseCase.swift */; };
		50CB77D925D9592A0092CC59 /* TipsViewController.swift in Sources */ = {isa = PBXBuildFile; fileRef = 50CB77D325D9592A0092CC59 /* TipsViewController.swift */; };
		50CB77DA25D9592A0092CC59 /* TipsViewModel.swift in Sources */ = {isa = PBXBuildFile; fileRef = 50CB77D425D9592A0092CC59 /* TipsViewModel.swift */; };
		50CB77DB25D9592A0092CC59 /* TipsService.swift in Sources */ = {isa = PBXBuildFile; fileRef = 50CB77D525D9592A0092CC59 /* TipsService.swift */; };
/* End PBXBuildFile section */

/* Begin PBXContainerItemProxy section */
		50CB77BF25D958FA0092CC59 /* PBXContainerItemProxy */ = {
			isa = PBXContainerItemProxy;
			containerPortal = 50CB77AB25D958FA0092CC59 /* Project object */;
			proxyType = 1;
			remoteGlobalIDString = 50CB77B325D958FA0092CC59;
			remoteInfo = Tips;
		};
/* End PBXContainerItemProxy section */

/* Begin PBXFileReference section */
		50CB77B425D958FA0092CC59 /* Tips.framework */ = {isa = PBXFileReference; explicitFileType = wrapper.framework; includeInIndex = 0; path = Tips.framework; sourceTree = BUILT_PRODUCTS_DIR; };
		50CB77B725D958FA0092CC59 /* Tips.h */ = {isa = PBXFileReference; lastKnownFileType = sourcecode.c.h; path = Tips.h; sourceTree = "<group>"; };
		50CB77B825D958FA0092CC59 /* Info.plist */ = {isa = PBXFileReference; lastKnownFileType = text.plist.xml; path = Info.plist; sourceTree = "<group>"; };
		50CB77BD25D958FA0092CC59 /* TipsTests.xctest */ = {isa = PBXFileReference; explicitFileType = wrapper.cfbundle; includeInIndex = 0; path = TipsTests.xctest; sourceTree = BUILT_PRODUCTS_DIR; };
		50CB77C225D958FA0092CC59 /* TipsTests.swift */ = {isa = PBXFileReference; lastKnownFileType = sourcecode.swift; path = TipsTests.swift; sourceTree = "<group>"; };
		50CB77C425D958FA0092CC59 /* Info.plist */ = {isa = PBXFileReference; lastKnownFileType = text.plist.xml; path = Info.plist; sourceTree = "<group>"; };
		50CB77D025D9592A0092CC59 /* TipsCoordinator.swift */ = {isa = PBXFileReference; lastKnownFileType = sourcecode.swift; path = TipsCoordinator.swift; sourceTree = "<group>"; };
		50CB77D125D9592A0092CC59 /* TipsModuleBuilder.swift */ = {isa = PBXFileReference; lastKnownFileType = sourcecode.swift; path = TipsModuleBuilder.swift; sourceTree = "<group>"; };
		50CB77D225D9592A0092CC59 /* TipsUseCase.swift */ = {isa = PBXFileReference; lastKnownFileType = sourcecode.swift; path = TipsUseCase.swift; sourceTree = "<group>"; };
		50CB77D325D9592A0092CC59 /* TipsViewController.swift */ = {isa = PBXFileReference; lastKnownFileType = sourcecode.swift; path = TipsViewController.swift; sourceTree = "<group>"; };
		50CB77D425D9592A0092CC59 /* TipsViewModel.swift */ = {isa = PBXFileReference; lastKnownFileType = sourcecode.swift; path = TipsViewModel.swift; sourceTree = "<group>"; };
		50CB77D525D9592A0092CC59 /* TipsService.swift */ = {isa = PBXFileReference; lastKnownFileType = sourcecode.swift; path = TipsService.swift; sourceTree = "<group>"; };
/* End PBXFileReference section */

/* Begin PBXFrameworksBuildPhase section */
		50CB77B125D958FA0092CC59 /* Frameworks */ = {
			isa = PBXFrameworksBuildPhase;
			buildActionMask = 2147483647;
			files = (
			);
			runOnlyForDeploymentPostprocessing = 0;
		};
		50CB77BA25D958FA0092CC59 /* Frameworks */ = {
			isa = PBXFrameworksBuildPhase;
			buildActionMask = 2147483647;
			files = (
				50CB77BE25D958FA0092CC59 /* Tips.framework in Frameworks */,
			);
			runOnlyForDeploymentPostprocessing = 0;
		};
/* End PBXFrameworksBuildPhase section */

/* Begin PBXGroup section */
		50CB77AA25D958FA0092CC59 = {
			isa = PBXGroup;
			children = (
				50CB77B625D958FA0092CC59 /* Tips */,
				50CB77C125D958FA0092CC59 /* TipsTests */,
				50CB77B525D958FA0092CC59 /* Products */,
			);
			sourceTree = "<group>";
		};
		50CB77B525D958FA0092CC59 /* Products */ = {
			isa = PBXGroup;
			children = (
				50CB77B425D958FA0092CC59 /* Tips.framework */,
				50CB77BD25D958FA0092CC59 /* TipsTests.xctest */,
			);
			name = Products;
			sourceTree = "<group>";
		};
		50CB77B625D958FA0092CC59 /* Tips */ = {
			isa = PBXGroup;
			children = (
				50CB77B725D958FA0092CC59 /* Tips.h */,
				50CB77B825D958FA0092CC59 /* Info.plist */,
				50CB77D025D9592A0092CC59 /* TipsCoordinator.swift */,
				50CB77D125D9592A0092CC59 /* TipsModuleBuilder.swift */,
				50CB77D225D9592A0092CC59 /* TipsUseCase.swift */,
				50CB77D325D9592A0092CC59 /* TipsViewController.swift */,
				50CB77D425D9592A0092CC59 /* TipsViewModel.swift */,
				50CB77D525D9592A0092CC59 /* TipsService.swift */,
			);
			path = Tips;
			sourceTree = "<group>";
		};
		50CB77C125D958FA0092CC59 /* TipsTests */ = {
			isa = PBXGroup;
			children = (
				50CB77C225D958FA0092CC59 /* TipsTests.swift */,
				50CB77C425D958FA0092CC59 /* Info.plist */,
			);
			path = TipsTests;
			sourceTree = "<group>";
		};
/* End PBXGroup section */

/* Begin PBXHeadersBuildPhase section */
		50CB77AF25D958FA0092CC59 /* Headers */ = {
			isa = PBXHeadersBuildPhase;
			buildActionMask = 2147483647;
			files = (
				50CB77C525D958FA0092CC59 /* Tips.h in Headers */,
			);
			runOnlyForDeploymentPostprocessing = 0;
		};
/* End PBXHeadersBuildPhase section */

/* Begin PBXNativeTarget section */
		50CB77B325D958FA0092CC59 /* Tips */ = {
			isa = PBXNativeTarget;
			buildConfigurationList = 50CB77C825D958FA0092CC59 /* Build configuration list for PBXNativeTarget "Tips" */;
			buildPhases = (
				50CB77AF25D958FA0092CC59 /* Headers */,
				50CB77B025D958FA0092CC59 /* Sources */,
				50CB77B125D958FA0092CC59 /* Frameworks */,
				50CB77B225D958FA0092CC59 /* Resources */,
			);
			buildRules = (
			);
			dependencies = (
			);
			name = Tips;
			productName = Tips;
			productReference = 50CB77B425D958FA0092CC59 /* Tips.framework */;
			productType = "com.apple.product-type.framework";
		};
		50CB77BC25D958FA0092CC59 /* TipsTests */ = {
			isa = PBXNativeTarget;
			buildConfigurationList = 50CB77CB25D958FA0092CC59 /* Build configuration list for PBXNativeTarget "TipsTests" */;
			buildPhases = (
				50CB77B925D958FA0092CC59 /* Sources */,
				50CB77BA25D958FA0092CC59 /* Frameworks */,
				50CB77BB25D958FA0092CC59 /* Resources */,
			);
			buildRules = (
			);
			dependencies = (
				50CB77C025D958FA0092CC59 /* PBXTargetDependency */,
			);
			name = TipsTests;
			productName = TipsTests;
			productReference = 50CB77BD25D958FA0092CC59 /* TipsTests.xctest */;
			productType = "com.apple.product-type.bundle.unit-test";
		};
/* End PBXNativeTarget section */

/* Begin PBXProject section */
		50CB77AB25D958FA0092CC59 /* Project object */ = {
			isa = PBXProject;
			attributes = {
				LastSwiftUpdateCheck = 1230;
				LastUpgradeCheck = 1230;
				TargetAttributes = {
					50CB77B325D958FA0092CC59 = {
						CreatedOnToolsVersion = 12.3;
						LastSwiftMigration = 1230;
					};
					50CB77BC25D958FA0092CC59 = {
						CreatedOnToolsVersion = 12.3;
					};
				};
			};
			buildConfigurationList = 50CB77AE25D958FA0092CC59 /* Build configuration list for PBXProject "Tips" */;
			compatibilityVersion = "Xcode 9.3";
			developmentRegion = en;
			hasScannedForEncodings = 0;
			knownRegions = (
				en,
				Base,
			);
			mainGroup = 50CB77AA25D958FA0092CC59;
			productRefGroup = 50CB77B525D958FA0092CC59 /* Products */;
			projectDirPath = "";
			projectRoot = "";
			targets = (
				50CB77B325D958FA0092CC59 /* Tips */,
				50CB77BC25D958FA0092CC59 /* TipsTests */,
			);
		};
/* End PBXProject section */

/* Begin PBXResourcesBuildPhase section */
		50CB77B225D958FA0092CC59 /* Resources */ = {
			isa = PBXResourcesBuildPhase;
			buildActionMask = 2147483647;
			files = (
			);
			runOnlyForDeploymentPostprocessing = 0;
		};
		50CB77BB25D958FA0092CC59 /* Resources */ = {
			isa = PBXResourcesBuildPhase;
			buildActionMask = 2147483647;
			files = (
			);
			runOnlyForDeploymentPostprocessing = 0;
		};
/* End PBXResourcesBuildPhase section */

/* Begin PBXSourcesBuildPhase section */
		50CB77B025D958FA0092CC59 /* Sources */ = {
			isa = PBXSourcesBuildPhase;
			buildActionMask = 2147483647;
			files = (
				50CB77D625D9592A0092CC59 /* TipsCoordinator.swift in Sources */,
				50CB77D825D9592A0092CC59 /* TipsUseCase.swift in Sources */,
				50CB77D925D9592A0092CC59 /* TipsViewController.swift in Sources */,
				50CB77DB25D9592A0092CC59 /* TipsService.swift in Sources */,
				50CB77D725D9592A0092CC59 /* TipsModuleBuilder.swift in Sources */,
				50CB77DA25D9592A0092CC59 /* TipsViewModel.swift in Sources */,
			);
			runOnlyForDeploymentPostprocessing = 0;
		};
		50CB77B925D958FA0092CC59 /* Sources */ = {
			isa = PBXSourcesBuildPhase;
			buildActionMask = 2147483647;
			files = (
				50CB77C325D958FA0092CC59 /* TipsTests.swift in Sources */,
			);
			runOnlyForDeploymentPostprocessing = 0;
		};
/* End PBXSourcesBuildPhase section */

/* Begin PBXTargetDependency section */
		50CB77C025D958FA0092CC59 /* PBXTargetDependency */ = {
			isa = PBXTargetDependency;
			target = 50CB77B325D958FA0092CC59 /* Tips */;
			targetProxy = 50CB77BF25D958FA0092CC59 /* PBXContainerItemProxy */;
		};
/* End PBXTargetDependency section */

/* Begin XCBuildConfiguration section */
		50CB77C625D958FA0092CC59 /* Debug */ = {
			isa = XCBuildConfiguration;
			buildSettings = {
				ALWAYS_SEARCH_USER_PATHS = NO;
				CLANG_ANALYZER_NONNULL = YES;
				CLANG_ANALYZER_NUMBER_OBJECT_CONVERSION = YES_AGGRESSIVE;
				CLANG_CXX_LANGUAGE_STANDARD = "gnu++14";
				CLANG_CXX_LIBRARY = "libc++";
				CLANG_ENABLE_MODULES = YES;
				CLANG_ENABLE_OBJC_ARC = YES;
				CLANG_ENABLE_OBJC_WEAK = YES;
				CLANG_WARN_BLOCK_CAPTURE_AUTORELEASING = YES;
				CLANG_WARN_BOOL_CONVERSION = YES;
				CLANG_WARN_COMMA = YES;
				CLANG_WARN_CONSTANT_CONVERSION = YES;
				CLANG_WARN_DEPRECATED_OBJC_IMPLEMENTATIONS = YES;
				CLANG_WARN_DIRECT_OBJC_ISA_USAGE = YES_ERROR;
				CLANG_WARN_DOCUMENTATION_COMMENTS = YES;
				CLANG_WARN_EMPTY_BODY = YES;
				CLANG_WARN_ENUM_CONVERSION = YES;
				CLANG_WARN_INFINITE_RECURSION = YES;
				CLANG_WARN_INT_CONVERSION = YES;
				CLANG_WARN_NON_LITERAL_NULL_CONVERSION = YES;
				CLANG_WARN_OBJC_IMPLICIT_RETAIN_SELF = YES;
				CLANG_WARN_OBJC_LITERAL_CONVERSION = YES;
				CLANG_WARN_OBJC_ROOT_CLASS = YES_ERROR;
				CLANG_WARN_QUOTED_INCLUDE_IN_FRAMEWORK_HEADER = YES;
				CLANG_WARN_RANGE_LOOP_ANALYSIS = YES;
				CLANG_WARN_STRICT_PROTOTYPES = YES;
				CLANG_WARN_SUSPICIOUS_MOVE = YES;
				CLANG_WARN_UNGUARDED_AVAILABILITY = YES_AGGRESSIVE;
				CLANG_WARN_UNREACHABLE_CODE = YES;
				CLANG_WARN__DUPLICATE_METHOD_MATCH = YES;
				COPY_PHASE_STRIP = NO;
				CURRENT_PROJECT_VERSION = 1;
				DEBUG_INFORMATION_FORMAT = dwarf;
				ENABLE_STRICT_OBJC_MSGSEND = YES;
				ENABLE_TESTABILITY = YES;
				GCC_C_LANGUAGE_STANDARD = gnu11;
				GCC_DYNAMIC_NO_PIC = NO;
				GCC_NO_COMMON_BLOCKS = YES;
				GCC_OPTIMIZATION_LEVEL = 0;
				GCC_PREPROCESSOR_DEFINITIONS = (
					"DEBUG=1",
					"$(inherited)",
				);
				GCC_WARN_64_TO_32_BIT_CONVERSION = YES;
				GCC_WARN_ABOUT_RETURN_TYPE = YES_ERROR;
				GCC_WARN_UNDECLARED_SELECTOR = YES;
				GCC_WARN_UNINITIALIZED_AUTOS = YES_AGGRESSIVE;
				GCC_WARN_UNUSED_FUNCTION = YES;
				GCC_WARN_UNUSED_VARIABLE = YES;
				IPHONEOS_DEPLOYMENT_TARGET = 14.3;
				MTL_ENABLE_DEBUG_INFO = INCLUDE_SOURCE;
				MTL_FAST_MATH = YES;
				ONLY_ACTIVE_ARCH = YES;
				SDKROOT = iphoneos;
				SWIFT_ACTIVE_COMPILATION_CONDITIONS = DEBUG;
				SWIFT_OPTIMIZATION_LEVEL = "-Onone";
				VERSIONING_SYSTEM = "apple-generic";
				VERSION_INFO_PREFIX = "";
			};
			name = Debug;
		};
		50CB77C725D958FA0092CC59 /* Release */ = {
			isa = XCBuildConfiguration;
			buildSettings = {
				ALWAYS_SEARCH_USER_PATHS = NO;
				CLANG_ANALYZER_NONNULL = YES;
				CLANG_ANALYZER_NUMBER_OBJECT_CONVERSION = YES_AGGRESSIVE;
				CLANG_CXX_LANGUAGE_STANDARD = "gnu++14";
				CLANG_CXX_LIBRARY = "libc++";
				CLANG_ENABLE_MODULES = YES;
				CLANG_ENABLE_OBJC_ARC = YES;
				CLANG_ENABLE_OBJC_WEAK = YES;
				CLANG_WARN_BLOCK_CAPTURE_AUTORELEASING = YES;
				CLANG_WARN_BOOL_CONVERSION = YES;
				CLANG_WARN_COMMA = YES;
				CLANG_WARN_CONSTANT_CONVERSION = YES;
				CLANG_WARN_DEPRECATED_OBJC_IMPLEMENTATIONS = YES;
				CLANG_WARN_DIRECT_OBJC_ISA_USAGE = YES_ERROR;
				CLANG_WARN_DOCUMENTATION_COMMENTS = YES;
				CLANG_WARN_EMPTY_BODY = YES;
				CLANG_WARN_ENUM_CONVERSION = YES;
				CLANG_WARN_INFINITE_RECURSION = YES;
				CLANG_WARN_INT_CONVERSION = YES;
				CLANG_WARN_NON_LITERAL_NULL_CONVERSION = YES;
				CLANG_WARN_OBJC_IMPLICIT_RETAIN_SELF = YES;
				CLANG_WARN_OBJC_LITERAL_CONVERSION = YES;
				CLANG_WARN_OBJC_ROOT_CLASS = YES_ERROR;
				CLANG_WARN_QUOTED_INCLUDE_IN_FRAMEWORK_HEADER = YES;
				CLANG_WARN_RANGE_LOOP_ANALYSIS = YES;
				CLANG_WARN_STRICT_PROTOTYPES = YES;
				CLANG_WARN_SUSPICIOUS_MOVE = YES;
				CLANG_WARN_UNGUARDED_AVAILABILITY = YES_AGGRESSIVE;
				CLANG_WARN_UNREACHABLE_CODE = YES;
				CLANG_WARN__DUPLICATE_METHOD_MATCH = YES;
				COPY_PHASE_STRIP = NO;
				CURRENT_PROJECT_VERSION = 1;
				DEBUG_INFORMATION_FORMAT = "dwarf-with-dsym";
				ENABLE_NS_ASSERTIONS = NO;
				ENABLE_STRICT_OBJC_MSGSEND = YES;
				GCC_C_LANGUAGE_STANDARD = gnu11;
				GCC_NO_COMMON_BLOCKS = YES;
				GCC_WARN_64_TO_32_BIT_CONVERSION = YES;
				GCC_WARN_ABOUT_RETURN_TYPE = YES_ERROR;
				GCC_WARN_UNDECLARED_SELECTOR = YES;
				GCC_WARN_UNINITIALIZED_AUTOS = YES_AGGRESSIVE;
				GCC_WARN_UNUSED_FUNCTION = YES;
				GCC_WARN_UNUSED_VARIABLE = YES;
				IPHONEOS_DEPLOYMENT_TARGET = 14.3;
				MTL_ENABLE_DEBUG_INFO = NO;
				MTL_FAST_MATH = YES;
				SDKROOT = iphoneos;
				SWIFT_COMPILATION_MODE = wholemodule;
				SWIFT_OPTIMIZATION_LEVEL = "-O";
				VALIDATE_PRODUCT = YES;
				VERSIONING_SYSTEM = "apple-generic";
				VERSION_INFO_PREFIX = "";
			};
			name = Release;
		};
		50CB77C925D958FA0092CC59 /* Debug */ = {
			isa = XCBuildConfiguration;
			buildSettings = {
				CLANG_ENABLE_MODULES = YES;
				CODE_SIGN_STYLE = Automatic;
				DEFINES_MODULE = YES;
				DEVELOPMENT_TEAM = 8U3N7M58T5;
				DYLIB_COMPATIBILITY_VERSION = 1;
				DYLIB_CURRENT_VERSION = 1;
				DYLIB_INSTALL_NAME_BASE = "@rpath";
				INFOPLIST_FILE = Tips/Info.plist;
				INSTALL_PATH = "$(LOCAL_LIBRARY_DIR)/Frameworks";
				LD_RUNPATH_SEARCH_PATHS = (
					"$(inherited)",
					"@executable_path/Frameworks",
					"@loader_path/Frameworks",
				);
				PRODUCT_BUNDLE_IDENTIFIER = com.smapps.Tips;
				PRODUCT_NAME = "$(TARGET_NAME:c99extidentifier)";
				SKIP_INSTALL = YES;
				SWIFT_OPTIMIZATION_LEVEL = "-Onone";
				SWIFT_VERSION = 5.0;
				TARGETED_DEVICE_FAMILY = "1,2";
			};
			name = Debug;
		};
		50CB77CA25D958FA0092CC59 /* Release */ = {
			isa = XCBuildConfiguration;
			buildSettings = {
				CLANG_ENABLE_MODULES = YES;
				CODE_SIGN_STYLE = Automatic;
				DEFINES_MODULE = YES;
				DEVELOPMENT_TEAM = 8U3N7M58T5;
				DYLIB_COMPATIBILITY_VERSION = 1;
				DYLIB_CURRENT_VERSION = 1;
				DYLIB_INSTALL_NAME_BASE = "@rpath";
				INFOPLIST_FILE = Tips/Info.plist;
				INSTALL_PATH = "$(LOCAL_LIBRARY_DIR)/Frameworks";
				LD_RUNPATH_SEARCH_PATHS = (
					"$(inherited)",
					"@executable_path/Frameworks",
					"@loader_path/Frameworks",
				);
				PRODUCT_BUNDLE_IDENTIFIER = com.smapps.Tips;
				PRODUCT_NAME = "$(TARGET_NAME:c99extidentifier)";
				SKIP_INSTALL = YES;
				SWIFT_VERSION = 5.0;
				TARGETED_DEVICE_FAMILY = "1,2";
			};
			name = Release;
		};
		50CB77CC25D958FA0092CC59 /* Debug */ = {
			isa = XCBuildConfiguration;
			buildSettings = {
				ALWAYS_EMBED_SWIFT_STANDARD_LIBRARIES = YES;
				CODE_SIGN_STYLE = Automatic;
				DEVELOPMENT_TEAM = 8U3N7M58T5;
				INFOPLIST_FILE = TipsTests/Info.plist;
				LD_RUNPATH_SEARCH_PATHS = (
					"$(inherited)",
					"@executable_path/Frameworks",
					"@loader_path/Frameworks",
				);
				PRODUCT_BUNDLE_IDENTIFIER = com.smapps.TipsTests;
				PRODUCT_NAME = "$(TARGET_NAME)";
				SWIFT_VERSION = 5.0;
				TARGETED_DEVICE_FAMILY = "1,2";
			};
			name = Debug;
		};
		50CB77CD25D958FA0092CC59 /* Release */ = {
			isa = XCBuildConfiguration;
			buildSettings = {
				ALWAYS_EMBED_SWIFT_STANDARD_LIBRARIES = YES;
				CODE_SIGN_STYLE = Automatic;
				DEVELOPMENT_TEAM = 8U3N7M58T5;
				INFOPLIST_FILE = TipsTests/Info.plist;
				LD_RUNPATH_SEARCH_PATHS = (
					"$(inherited)",
					"@executable_path/Frameworks",
					"@loader_path/Frameworks",
				);
				PRODUCT_BUNDLE_IDENTIFIER = com.smapps.TipsTests;
				PRODUCT_NAME = "$(TARGET_NAME)";
				SWIFT_VERSION = 5.0;
				TARGETED_DEVICE_FAMILY = "1,2";
			};
			name = Release;
		};
/* End XCBuildConfiguration section */

/* Begin XCConfigurationList section */
		50CB77AE25D958FA0092CC59 /* Build configuration list for PBXProject "Tips" */ = {
			isa = XCConfigurationList;
			buildConfigurations = (
				50CB77C625D958FA0092CC59 /* Debug */,
				50CB77C725D958FA0092CC59 /* Release */,
			);
			defaultConfigurationIsVisible = 0;
			defaultConfigurationName = Release;
		};
		50CB77C825D958FA0092CC59 /* Build configuration list for PBXNativeTarget "Tips" */ = {
			isa = XCConfigurationList;
			buildConfigurations = (
				50CB77C925D958FA0092CC59 /* Debug */,
				50CB77CA25D958FA0092CC59 /* Release */,
			);
			defaultConfigurationIsVisible = 0;
			defaultConfigurationName = Release;
		};
		50CB77CB25D958FA0092CC59 /* Build configuration list for PBXNativeTarget "TipsTests" */ = {
			isa = XCConfigurationList;
			buildConfigurations = (
				50CB77CC25D958FA0092CC59 /* Debug */,
				50CB77CD25D958FA0092CC59 /* Release */,
			);
			defaultConfigurationIsVisible = 0;
			defaultConfigurationName = Release;
		};
/* End XCConfigurationList section */
	};
	rootObject = 50CB77AB25D958FA0092CC59 /* Project object */;
}
