// !$*UTF8*$!
{
	archiveVersion = 1;
	classes = {
	};
	objectVersion = 52;
	objects = {

/* Begin PBXBuildFile section */
		50A4D9C725BF452F006E7D1F /* ShiftOverview.framework in Frameworks */ = {isa = PBXBuildFile; fileRef = 50A4D9BD25BF452F006E7D1F /* ShiftOverview.framework */; };
		50A4D9CC25BF452F006E7D1F /* ShiftOverviewTests.swift in Sources */ = {isa = PBXBuildFile; fileRef = 50A4D9CB25BF452F006E7D1F /* ShiftOverviewTests.swift */; };
		50A4D9CE25BF452F006E7D1F /* ShiftOverview.h in Headers */ = {isa = PBXBuildFile; fileRef = 50A4D9C025BF452F006E7D1F /* ShiftOverview.h */; settings = {ATTRIBUTES = (Public, ); }; };
		50A4D9FD25BF4539006E7D1F /* ShiftOverviewViewModel.swift in Sources */ = {isa = PBXBuildFile; fileRef = 50A4D9DB25BF4539006E7D1F /* ShiftOverviewViewModel.swift */; };
		50A4D9FE25BF453A006E7D1F /* ShiftOverviewCoordinator.swift in Sources */ = {isa = PBXBuildFile; fileRef = 50A4D9DD25BF4539006E7D1F /* ShiftOverviewCoordinator.swift */; };
		50A4D9FF25BF453A006E7D1F /* ExtendedDateScrollerHitAreaNavigationBar.swift in Sources */ = {isa = PBXBuildFile; fileRef = 50A4D9DF25BF4539006E7D1F /* ExtendedDateScrollerHitAreaNavigationBar.swift */; };
		50A4DA0025BF453A006E7D1F /* Localize.swift in Sources */ = {isa = PBXBuildFile; fileRef = 50A4D9E025BF4539006E7D1F /* Localize.swift */; };
		50A4DA0125BF453A006E7D1F /* BannerCell.swift in Sources */ = {isa = PBXBuildFile; fileRef = 50A4D9E225BF4539006E7D1F /* BannerCell.swift */; };
		50A4DA0225BF453A006E7D1F /* ShiftOverviewCell.swift in Sources */ = {isa = PBXBuildFile; fileRef = 50A4D9E325BF4539006E7D1F /* ShiftOverviewCell.swift */; };
		50A4DA0325BF453A006E7D1F /* EndOfResultsCell.swift in Sources */ = {isa = PBXBuildFile; fileRef = 50A4D9E425BF4539006E7D1F /* EndOfResultsCell.swift */; };
		50A4DA0425BF453A006E7D1F /* ShiftOverviewHeaderCell.swift in Sources */ = {isa = PBXBuildFile; fileRef = 50A4D9E525BF4539006E7D1F /* ShiftOverviewHeaderCell.swift */; };
		50A4DA0525BF453A006E7D1F /* NoResultsCell.swift in Sources */ = {isa = PBXBuildFile; fileRef = 50A4D9E625BF4539006E7D1F /* NoResultsCell.swift */; };
		50A4DA0625BF453A006E7D1F /* ShiftOverviewDataContainer.swift in Sources */ = {isa = PBXBuildFile; fileRef = 50A4D9E825BF4539006E7D1F /* ShiftOverviewDataContainer.swift */; };
		50A4DA0725BF453A006E7D1F /* ShiftItems.swift in Sources */ = {isa = PBXBuildFile; fileRef = 50A4D9E925BF4539006E7D1F /* ShiftItems.swift */; };
		50A4DA0825BF453A006E7D1F /* ShiftOverviewViewController.swift in Sources */ = {isa = PBXBuildFile; fileRef = 50A4D9EB25BF4539006E7D1F /* ShiftOverviewViewController.swift */; };
		50A4DA0925BF453A006E7D1F /* ShiftOverviewModuleBuilder.swift in Sources */ = {isa = PBXBuildFile; fileRef = 50A4D9ED25BF4539006E7D1F /* ShiftOverviewModuleBuilder.swift */; };
		50A4DA0A25BF453A006E7D1F /* ShiftOverviewUseCase.swift in Sources */ = {isa = PBXBuildFile; fileRef = 50A4D9EF25BF4539006E7D1F /* ShiftOverviewUseCase.swift */; };
		50A4DA0E25BF453A006E7D1F /* ShiftOverviewBannerType.swift in Sources */ = {isa = PBXBuildFile; fileRef = 50A4D9F925BF4539006E7D1F /* ShiftOverviewBannerType.swift */; };
		50A4DA1025BF453A006E7D1F /* ShiftOverviewService.swift in Sources */ = {isa = PBXBuildFile; fileRef = 50A4D9FC25BF4539006E7D1F /* ShiftOverviewService.swift */; };
		50A4DA6E25BF492D006E7D1F /* DesignSystem.framework in Frameworks */ = {isa = PBXBuildFile; fileRef = 50A4DA6D25BF492D006E7D1F /* DesignSystem.framework */; platformFilter = ios; };
		50A4DA6F25BF492D006E7D1F /* DesignSystem.framework in Embed Frameworks */ = {isa = PBXBuildFile; fileRef = 50A4DA6D25BF492D006E7D1F /* DesignSystem.framework */; platformFilter = ios; settings = {ATTRIBUTES = (CodeSignOnCopy, RemoveHeadersOnCopy, ); }; };
		92117B4FA9EE651516392083 /* Pods_ShiftOverview.framework in Frameworks */ = {isa = PBXBuildFile; fileRef = 20E25163A0CE186C3A0A5474 /* Pods_ShiftOverview.framework */; };
		B480488693A09BB4EF5F55D8 /* Pods_ShiftOverview_ShiftOverviewTests.framework in Frameworks */ = {isa = PBXBuildFile; fileRef = 50274DC9757204D5064F70BC /* Pods_ShiftOverview_ShiftOverviewTests.framework */; };
/* End PBXBuildFile section */

/* Begin PBXContainerItemProxy section */
		50A4D9C825BF452F006E7D1F /* PBXContainerItemProxy */ = {
			isa = PBXContainerItemProxy;
			containerPortal = 50A4D9B425BF452F006E7D1F /* Project object */;
			proxyType = 1;
			remoteGlobalIDString = 50A4D9BC25BF452F006E7D1F;
			remoteInfo = ShiftOverview;
		};
/* End PBXContainerItemProxy section */

/* Begin PBXCopyFilesBuildPhase section */
		50A4DA7025BF492D006E7D1F /* Embed Frameworks */ = {
			isa = PBXCopyFilesBuildPhase;
			buildActionMask = 2147483647;
			dstPath = "";
			dstSubfolderSpec = 10;
			files = (
				50A4DA6F25BF492D006E7D1F /* DesignSystem.framework in Embed Frameworks */,
			);
			name = "Embed Frameworks";
			runOnlyForDeploymentPostprocessing = 0;
		};
/* End PBXCopyFilesBuildPhase section */

/* Begin PBXFileReference section */
		1362916E0C5ECF853D9141DB /* Pods-ShiftOverview-ShiftOverviewTests.debug.xcconfig */ = {isa = PBXFileReference; includeInIndex = 1; lastKnownFileType = text.xcconfig; name = "Pods-ShiftOverview-ShiftOverviewTests.debug.xcconfig"; path = "Target Support Files/Pods-ShiftOverview-ShiftOverviewTests/Pods-ShiftOverview-ShiftOverviewTests.debug.xcconfig"; sourceTree = "<group>"; };
		20E25163A0CE186C3A0A5474 /* Pods_ShiftOverview.framework */ = {isa = PBXFileReference; explicitFileType = wrapper.framework; includeInIndex = 0; path = Pods_ShiftOverview.framework; sourceTree = BUILT_PRODUCTS_DIR; };
		26A2D086B85B763BE7600127 /* Pods-ShiftOverview.debug.xcconfig */ = {isa = PBXFileReference; includeInIndex = 1; lastKnownFileType = text.xcconfig; name = "Pods-ShiftOverview.debug.xcconfig"; path = "Target Support Files/Pods-ShiftOverview/Pods-ShiftOverview.debug.xcconfig"; sourceTree = "<group>"; };
		50274DC9757204D5064F70BC /* Pods_ShiftOverview_ShiftOverviewTests.framework */ = {isa = PBXFileReference; explicitFileType = wrapper.framework; includeInIndex = 0; path = Pods_ShiftOverview_ShiftOverviewTests.framework; sourceTree = BUILT_PRODUCTS_DIR; };
		50A4D9BD25BF452F006E7D1F /* ShiftOverview.framework */ = {isa = PBXFileReference; explicitFileType = wrapper.framework; includeInIndex = 0; path = ShiftOverview.framework; sourceTree = BUILT_PRODUCTS_DIR; };
		50A4D9C025BF452F006E7D1F /* ShiftOverview.h */ = {isa = PBXFileReference; lastKnownFileType = sourcecode.c.h; path = ShiftOverview.h; sourceTree = "<group>"; };
		50A4D9C125BF452F006E7D1F /* Info.plist */ = {isa = PBXFileReference; lastKnownFileType = text.plist.xml; path = Info.plist; sourceTree = "<group>"; };
		50A4D9C625BF452F006E7D1F /* ShiftOverviewTests.xctest */ = {isa = PBXFileReference; explicitFileType = wrapper.cfbundle; includeInIndex = 0; path = ShiftOverviewTests.xctest; sourceTree = BUILT_PRODUCTS_DIR; };
		50A4D9CB25BF452F006E7D1F /* ShiftOverviewTests.swift */ = {isa = PBXFileReference; lastKnownFileType = sourcecode.swift; path = ShiftOverviewTests.swift; sourceTree = "<group>"; };
		50A4D9CD25BF452F006E7D1F /* Info.plist */ = {isa = PBXFileReference; lastKnownFileType = text.plist.xml; path = Info.plist; sourceTree = "<group>"; };
		50A4D9DB25BF4539006E7D1F /* ShiftOverviewViewModel.swift */ = {isa = PBXFileReference; fileEncoding = 4; lastKnownFileType = sourcecode.swift; path = ShiftOverviewViewModel.swift; sourceTree = "<group>"; };
		50A4D9DD25BF4539006E7D1F /* ShiftOverviewCoordinator.swift */ = {isa = PBXFileReference; fileEncoding = 4; lastKnownFileType = sourcecode.swift; path = ShiftOverviewCoordinator.swift; sourceTree = "<group>"; };
		50A4D9DF25BF4539006E7D1F /* ExtendedDateScrollerHitAreaNavigationBar.swift */ = {isa = PBXFileReference; fileEncoding = 4; lastKnownFileType = sourcecode.swift; path = ExtendedDateScrollerHitAreaNavigationBar.swift; sourceTree = "<group>"; };
		50A4D9E025BF4539006E7D1F /* Localize.swift */ = {isa = PBXFileReference; fileEncoding = 4; lastKnownFileType = sourcecode.swift; path = Localize.swift; sourceTree = "<group>"; };
		50A4D9E225BF4539006E7D1F /* BannerCell.swift */ = {isa = PBXFileReference; fileEncoding = 4; lastKnownFileType = sourcecode.swift; path = BannerCell.swift; sourceTree = "<group>"; };
		50A4D9E325BF4539006E7D1F /* ShiftOverviewCell.swift */ = {isa = PBXFileReference; fileEncoding = 4; lastKnownFileType = sourcecode.swift; path = ShiftOverviewCell.swift; sourceTree = "<group>"; };
		50A4D9E425BF4539006E7D1F /* EndOfResultsCell.swift */ = {isa = PBXFileReference; fileEncoding = 4; lastKnownFileType = sourcecode.swift; path = EndOfResultsCell.swift; sourceTree = "<group>"; };
		50A4D9E525BF4539006E7D1F /* ShiftOverviewHeaderCell.swift */ = {isa = PBXFileReference; fileEncoding = 4; lastKnownFileType = sourcecode.swift; path = ShiftOverviewHeaderCell.swift; sourceTree = "<group>"; };
		50A4D9E625BF4539006E7D1F /* NoResultsCell.swift */ = {isa = PBXFileReference; fileEncoding = 4; lastKnownFileType = sourcecode.swift; path = NoResultsCell.swift; sourceTree = "<group>"; };
		50A4D9E825BF4539006E7D1F /* ShiftOverviewDataContainer.swift */ = {isa = PBXFileReference; fileEncoding = 4; lastKnownFileType = sourcecode.swift; path = ShiftOverviewDataContainer.swift; sourceTree = "<group>"; };
		50A4D9E925BF4539006E7D1F /* ShiftItems.swift */ = {isa = PBXFileReference; fileEncoding = 4; lastKnownFileType = sourcecode.swift; path = ShiftItems.swift; sourceTree = "<group>"; };
		50A4D9EB25BF4539006E7D1F /* ShiftOverviewViewController.swift */ = {isa = PBXFileReference; fileEncoding = 4; lastKnownFileType = sourcecode.swift; path = ShiftOverviewViewController.swift; sourceTree = "<group>"; };
		50A4D9ED25BF4539006E7D1F /* ShiftOverviewModuleBuilder.swift */ = {isa = PBXFileReference; fileEncoding = 4; lastKnownFileType = sourcecode.swift; path = ShiftOverviewModuleBuilder.swift; sourceTree = "<group>"; };
		50A4D9EF25BF4539006E7D1F /* ShiftOverviewUseCase.swift */ = {isa = PBXFileReference; fileEncoding = 4; lastKnownFileType = sourcecode.swift; path = ShiftOverviewUseCase.swift; sourceTree = "<group>"; };
		50A4D9F925BF4539006E7D1F /* ShiftOverviewBannerType.swift */ = {isa = PBXFileReference; fileEncoding = 4; lastKnownFileType = sourcecode.swift; path = ShiftOverviewBannerType.swift; sourceTree = "<group>"; };
		50A4D9FC25BF4539006E7D1F /* ShiftOverviewService.swift */ = {isa = PBXFileReference; fileEncoding = 4; lastKnownFileType = sourcecode.swift; path = ShiftOverviewService.swift; sourceTree = "<group>"; };
		50A4DA6D25BF492D006E7D1F /* DesignSystem.framework */ = {isa = PBXFileReference; explicitFileType = wrapper.framework; path = DesignSystem.framework; sourceTree = BUILT_PRODUCTS_DIR; };
		852CD874D7AD978FBDDF58E3 /* Pods-ShiftOverview.release.xcconfig */ = {isa = PBXFileReference; includeInIndex = 1; lastKnownFileType = text.xcconfig; name = "Pods-ShiftOverview.release.xcconfig"; path = "Target Support Files/Pods-ShiftOverview/Pods-ShiftOverview.release.xcconfig"; sourceTree = "<group>"; };
		D59F44C94A180CCF201D87BE /* Pods-ShiftOverview-ShiftOverviewTests.release.xcconfig */ = {isa = PBXFileReference; includeInIndex = 1; lastKnownFileType = text.xcconfig; name = "Pods-ShiftOverview-ShiftOverviewTests.release.xcconfig"; path = "Target Support Files/Pods-ShiftOverview-ShiftOverviewTests/Pods-ShiftOverview-ShiftOverviewTests.release.xcconfig"; sourceTree = "<group>"; };
/* End PBXFileReference section */

/* Begin PBXFrameworksBuildPhase section */
		50A4D9BA25BF452F006E7D1F /* Frameworks */ = {
			isa = PBXFrameworksBuildPhase;
			buildActionMask = 2147483647;
			files = (
				50A4DA6E25BF492D006E7D1F /* DesignSystem.framework in Frameworks */,
				92117B4FA9EE651516392083 /* Pods_ShiftOverview.framework in Frameworks */,
			);
			runOnlyForDeploymentPostprocessing = 0;
		};
		50A4D9C325BF452F006E7D1F /* Frameworks */ = {
			isa = PBXFrameworksBuildPhase;
			buildActionMask = 2147483647;
			files = (
				50A4D9C725BF452F006E7D1F /* ShiftOverview.framework in Frameworks */,
				B480488693A09BB4EF5F55D8 /* Pods_ShiftOverview_ShiftOverviewTests.framework in Frameworks */,
			);
			runOnlyForDeploymentPostprocessing = 0;
		};
/* End PBXFrameworksBuildPhase section */

/* Begin PBXGroup section */
		50A4D9B325BF452E006E7D1F = {
			isa = PBXGroup;
			children = (
				50A4D9BF25BF452F006E7D1F /* ShiftOverview */,
				50A4D9CA25BF452F006E7D1F /* ShiftOverviewTests */,
				50A4D9BE25BF452F006E7D1F /* Products */,
				5CEF1BAB4DBD04C61BF85539 /* Pods */,
				C35A819D395431D655D3BBBD /* Frameworks */,
			);
			sourceTree = "<group>";
		};
		50A4D9BE25BF452F006E7D1F /* Products */ = {
			isa = PBXGroup;
			children = (
				50A4D9BD25BF452F006E7D1F /* ShiftOverview.framework */,
				50A4D9C625BF452F006E7D1F /* ShiftOverviewTests.xctest */,
			);
			name = Products;
			sourceTree = "<group>";
		};
		50A4D9BF25BF452F006E7D1F /* ShiftOverview */ = {
			isa = PBXGroup;
			children = (
				50A4D9F025BF4539006E7D1F /* Application */,
				50A4D9EC25BF4539006E7D1F /* Builder */,
				50A4D9EE25BF4539006E7D1F /* Domain */,
				50A4D9D925BF4539006E7D1F /* Presentation */,
				50A4D9C025BF452F006E7D1F /* ShiftOverview.h */,
				50A4D9C125BF452F006E7D1F /* Info.plist */,
			);
			path = ShiftOverview;
			sourceTree = "<group>";
		};
		50A4D9CA25BF452F006E7D1F /* ShiftOverviewTests */ = {
			isa = PBXGroup;
			children = (
				50A4D9CB25BF452F006E7D1F /* ShiftOverviewTests.swift */,
				50A4D9CD25BF452F006E7D1F /* Info.plist */,
			);
			path = ShiftOverviewTests;
			sourceTree = "<group>";
		};
		50A4D9D925BF4539006E7D1F /* Presentation */ = {
			isa = PBXGroup;
			children = (
				50A4D9DA25BF4539006E7D1F /* ViewModel */,
				50A4D9DC25BF4539006E7D1F /* Coordinator */,
				50A4D9DE25BF4539006E7D1F /* Util */,
				50A4D9E125BF4539006E7D1F /* Cell */,
				50A4D9E725BF4539006E7D1F /* Model */,
				50A4D9EA25BF4539006E7D1F /* ViewController */,
			);
			path = Presentation;
			sourceTree = "<group>";
		};
		50A4D9DA25BF4539006E7D1F /* ViewModel */ = {
			isa = PBXGroup;
			children = (
				50A4D9DB25BF4539006E7D1F /* ShiftOverviewViewModel.swift */,
			);
			path = ViewModel;
			sourceTree = "<group>";
		};
		50A4D9DC25BF4539006E7D1F /* Coordinator */ = {
			isa = PBXGroup;
			children = (
				50A4D9DD25BF4539006E7D1F /* ShiftOverviewCoordinator.swift */,
			);
			path = Coordinator;
			sourceTree = "<group>";
		};
		50A4D9DE25BF4539006E7D1F /* Util */ = {
			isa = PBXGroup;
			children = (
				50A4D9DF25BF4539006E7D1F /* ExtendedDateScrollerHitAreaNavigationBar.swift */,
				50A4D9E025BF4539006E7D1F /* Localize.swift */,
			);
			path = Util;
			sourceTree = "<group>";
		};
		50A4D9E125BF4539006E7D1F /* Cell */ = {
			isa = PBXGroup;
			children = (
				50A4D9E225BF4539006E7D1F /* BannerCell.swift */,
				50A4D9E325BF4539006E7D1F /* ShiftOverviewCell.swift */,
				50A4D9E425BF4539006E7D1F /* EndOfResultsCell.swift */,
				50A4D9E525BF4539006E7D1F /* ShiftOverviewHeaderCell.swift */,
				50A4D9E625BF4539006E7D1F /* NoResultsCell.swift */,
			);
			path = Cell;
			sourceTree = "<group>";
		};
		50A4D9E725BF4539006E7D1F /* Model */ = {
			isa = PBXGroup;
			children = (
				50A4D9E825BF4539006E7D1F /* ShiftOverviewDataContainer.swift */,
				50A4D9E925BF4539006E7D1F /* ShiftItems.swift */,
			);
			path = Model;
			sourceTree = "<group>";
		};
		50A4D9EA25BF4539006E7D1F /* ViewController */ = {
			isa = PBXGroup;
			children = (
				50A4D9EB25BF4539006E7D1F /* ShiftOverviewViewController.swift */,
			);
			path = ViewController;
			sourceTree = "<group>";
		};
		50A4D9EC25BF4539006E7D1F /* Builder */ = {
			isa = PBXGroup;
			children = (
				50A4D9ED25BF4539006E7D1F /* ShiftOverviewModuleBuilder.swift */,
			);
			path = Builder;
			sourceTree = "<group>";
		};
		50A4D9EE25BF4539006E7D1F /* Domain */ = {
			isa = PBXGroup;
			children = (
				50A4D9EF25BF4539006E7D1F /* ShiftOverviewUseCase.swift */,
			);
			path = Domain;
			sourceTree = "<group>";
		};
		50A4D9F025BF4539006E7D1F /* Application */ = {
			isa = PBXGroup;
			children = (
				50A4D9F825BF4539006E7D1F /* Model */,
				50A4D9FA25BF4539006E7D1F /* Service */,
			);
			path = Application;
			sourceTree = "<group>";
		};
		50A4D9F825BF4539006E7D1F /* Model */ = {
			isa = PBXGroup;
			children = (
				50A4D9F925BF4539006E7D1F /* ShiftOverviewBannerType.swift */,
			);
			path = Model;
			sourceTree = "<group>";
		};
		50A4D9FA25BF4539006E7D1F /* Service */ = {
			isa = PBXGroup;
			children = (
				50A4D9FC25BF4539006E7D1F /* ShiftOverviewService.swift */,
			);
			path = Service;
			sourceTree = "<group>";
		};
		5CEF1BAB4DBD04C61BF85539 /* Pods */ = {
			isa = PBXGroup;
			children = (
				26A2D086B85B763BE7600127 /* Pods-ShiftOverview.debug.xcconfig */,
				852CD874D7AD978FBDDF58E3 /* Pods-ShiftOverview.release.xcconfig */,
				1362916E0C5ECF853D9141DB /* Pods-ShiftOverview-ShiftOverviewTests.debug.xcconfig */,
				D59F44C94A180CCF201D87BE /* Pods-ShiftOverview-ShiftOverviewTests.release.xcconfig */,
			);
			name = Pods;
			path = ../../Pods;
			sourceTree = "<group>";
		};
		C35A819D395431D655D3BBBD /* Frameworks */ = {
			isa = PBXGroup;
			children = (
				50A4DA6D25BF492D006E7D1F /* DesignSystem.framework */,
				20E25163A0CE186C3A0A5474 /* Pods_ShiftOverview.framework */,
				50274DC9757204D5064F70BC /* Pods_ShiftOverview_ShiftOverviewTests.framework */,
			);
			name = Frameworks;
			sourceTree = "<group>";
		};
/* End PBXGroup section */

/* Begin PBXHeadersBuildPhase section */
		50A4D9B825BF452F006E7D1F /* Headers */ = {
			isa = PBXHeadersBuildPhase;
			buildActionMask = 2147483647;
			files = (
				50A4D9CE25BF452F006E7D1F /* ShiftOverview.h in Headers */,
			);
			runOnlyForDeploymentPostprocessing = 0;
		};
/* End PBXHeadersBuildPhase section */

/* Begin PBXNativeTarget section */
		50A4D9BC25BF452F006E7D1F /* ShiftOverview */ = {
			isa = PBXNativeTarget;
			buildConfigurationList = 50A4D9D125BF452F006E7D1F /* Build configuration list for PBXNativeTarget "ShiftOverview" */;
			buildPhases = (
				070968C1B7F963D481CBC1FA /* [CP] Check Pods Manifest.lock */,
				50A4D9B825BF452F006E7D1F /* Headers */,
				50A4D9B925BF452F006E7D1F /* Sources */,
				50A4D9BA25BF452F006E7D1F /* Frameworks */,
				50A4D9BB25BF452F006E7D1F /* Resources */,
				50A4DA7025BF492D006E7D1F /* Embed Frameworks */,
			);
			buildRules = (
			);
			dependencies = (
			);
			name = ShiftOverview;
			productName = ShiftOverview;
			productReference = 50A4D9BD25BF452F006E7D1F /* ShiftOverview.framework */;
			productType = "com.apple.product-type.framework";
		};
		50A4D9C525BF452F006E7D1F /* ShiftOverviewTests */ = {
			isa = PBXNativeTarget;
			buildConfigurationList = 50A4D9D425BF452F006E7D1F /* Build configuration list for PBXNativeTarget "ShiftOverviewTests" */;
			buildPhases = (
				E609453A6D56E85D5CF78504 /* [CP] Check Pods Manifest.lock */,
				50A4D9C225BF452F006E7D1F /* Sources */,
				50A4D9C325BF452F006E7D1F /* Frameworks */,
				50A4D9C425BF452F006E7D1F /* Resources */,
				719DD6CDBA87FF0E8382AE10 /* [CP] Embed Pods Frameworks */,
			);
			buildRules = (
			);
			dependencies = (
				50A4D9C925BF452F006E7D1F /* PBXTargetDependency */,
			);
			name = ShiftOverviewTests;
			productName = ShiftOverviewTests;
			productReference = 50A4D9C625BF452F006E7D1F /* ShiftOverviewTests.xctest */;
			productType = "com.apple.product-type.bundle.unit-test";
		};
/* End PBXNativeTarget section */

/* Begin PBXProject section */
		50A4D9B425BF452F006E7D1F /* Project object */ = {
			isa = PBXProject;
			attributes = {
				LastSwiftUpdateCheck = 1230;
				LastUpgradeCheck = 1230;
				TargetAttributes = {
					50A4D9BC25BF452F006E7D1F = {
						CreatedOnToolsVersion = 12.3;
					};
					50A4D9C525BF452F006E7D1F = {
						CreatedOnToolsVersion = 12.3;
					};
				};
			};
			buildConfigurationList = 50A4D9B725BF452F006E7D1F /* Build configuration list for PBXProject "ShiftOverview" */;
			compatibilityVersion = "Xcode 9.3";
			developmentRegion = en;
			hasScannedForEncodings = 0;
			knownRegions = (
				en,
				Base,
			);
			mainGroup = 50A4D9B325BF452E006E7D1F;
			productRefGroup = 50A4D9BE25BF452F006E7D1F /* Products */;
			projectDirPath = "";
			projectRoot = "";
			targets = (
				50A4D9BC25BF452F006E7D1F /* ShiftOverview */,
				50A4D9C525BF452F006E7D1F /* ShiftOverviewTests */,
			);
		};
/* End PBXProject section */

/* Begin PBXResourcesBuildPhase section */
		50A4D9BB25BF452F006E7D1F /* Resources */ = {
			isa = PBXResourcesBuildPhase;
			buildActionMask = 2147483647;
			files = (
			);
			runOnlyForDeploymentPostprocessing = 0;
		};
		50A4D9C425BF452F006E7D1F /* Resources */ = {
			isa = PBXResourcesBuildPhase;
			buildActionMask = 2147483647;
			files = (
			);
			runOnlyForDeploymentPostprocessing = 0;
		};
/* End PBXResourcesBuildPhase section */

/* Begin PBXShellScriptBuildPhase section */
		070968C1B7F963D481CBC1FA /* [CP] Check Pods Manifest.lock */ = {
			isa = PBXShellScriptBuildPhase;
			buildActionMask = 2147483647;
			files = (
			);
			inputFileListPaths = (
			);
			inputPaths = (
				"${PODS_PODFILE_DIR_PATH}/Podfile.lock",
				"${PODS_ROOT}/Manifest.lock",
			);
			name = "[CP] Check Pods Manifest.lock";
			outputFileListPaths = (
			);
			outputPaths = (
				"$(DERIVED_FILE_DIR)/Pods-ShiftOverview-checkManifestLockResult.txt",
			);
			runOnlyForDeploymentPostprocessing = 0;
			shellPath = /bin/sh;
			shellScript = "diff \"${PODS_PODFILE_DIR_PATH}/Podfile.lock\" \"${PODS_ROOT}/Manifest.lock\" > /dev/null\nif [ $? != 0 ] ; then\n    # print error to STDERR\n    echo \"error: The sandbox is not in sync with the Podfile.lock. Run 'pod install' or update your CocoaPods installation.\" >&2\n    exit 1\nfi\n# This output is used by Xcode 'outputs' to avoid re-running this script phase.\necho \"SUCCESS\" > \"${SCRIPT_OUTPUT_FILE_0}\"\n";
			showEnvVarsInLog = 0;
		};
		719DD6CDBA87FF0E8382AE10 /* [CP] Embed Pods Frameworks */ = {
			isa = PBXShellScriptBuildPhase;
			buildActionMask = 2147483647;
			files = (
			);
			inputFileListPaths = (
				"${PODS_ROOT}/Target Support Files/Pods-ShiftOverview-ShiftOverviewTests/Pods-ShiftOverview-ShiftOverviewTests-frameworks-${CONFIGURATION}-input-files.xcfilelist",
			);
			name = "[CP] Embed Pods Frameworks";
			outputFileListPaths = (
				"${PODS_ROOT}/Target Support Files/Pods-ShiftOverview-ShiftOverviewTests/Pods-ShiftOverview-ShiftOverviewTests-frameworks-${CONFIGURATION}-output-files.xcfilelist",
			);
			runOnlyForDeploymentPostprocessing = 0;
			shellPath = /bin/sh;
			shellScript = "\"${PODS_ROOT}/Target Support Files/Pods-ShiftOverview-ShiftOverviewTests/Pods-ShiftOverview-ShiftOverviewTests-frameworks.sh\"\n";
			showEnvVarsInLog = 0;
		};
		E609453A6D56E85D5CF78504 /* [CP] Check Pods Manifest.lock */ = {
			isa = PBXShellScriptBuildPhase;
			buildActionMask = 2147483647;
			files = (
			);
			inputFileListPaths = (
			);
			inputPaths = (
				"${PODS_PODFILE_DIR_PATH}/Podfile.lock",
				"${PODS_ROOT}/Manifest.lock",
			);
			name = "[CP] Check Pods Manifest.lock";
			outputFileListPaths = (
			);
			outputPaths = (
				"$(DERIVED_FILE_DIR)/Pods-ShiftOverview-ShiftOverviewTests-checkManifestLockResult.txt",
			);
			runOnlyForDeploymentPostprocessing = 0;
			shellPath = /bin/sh;
			shellScript = "diff \"${PODS_PODFILE_DIR_PATH}/Podfile.lock\" \"${PODS_ROOT}/Manifest.lock\" > /dev/null\nif [ $? != 0 ] ; then\n    # print error to STDERR\n    echo \"error: The sandbox is not in sync with the Podfile.lock. Run 'pod install' or update your CocoaPods installation.\" >&2\n    exit 1\nfi\n# This output is used by Xcode 'outputs' to avoid re-running this script phase.\necho \"SUCCESS\" > \"${SCRIPT_OUTPUT_FILE_0}\"\n";
			showEnvVarsInLog = 0;
		};
/* End PBXShellScriptBuildPhase section */

/* Begin PBXSourcesBuildPhase section */
		50A4D9B925BF452F006E7D1F /* Sources */ = {
			isa = PBXSourcesBuildPhase;
			buildActionMask = 2147483647;
			files = (
				50A4DA0525BF453A006E7D1F /* NoResultsCell.swift in Sources */,
				50A4DA0025BF453A006E7D1F /* Localize.swift in Sources */,
				50A4DA0625BF453A006E7D1F /* ShiftOverviewDataContainer.swift in Sources */,
				50A4DA0E25BF453A006E7D1F /* ShiftOverviewBannerType.swift in Sources */,
				50A4DA0925BF453A006E7D1F /* ShiftOverviewModuleBuilder.swift in Sources */,
				50A4DA1025BF453A006E7D1F /* ShiftOverviewService.swift in Sources */,
				50A4DA0125BF453A006E7D1F /* BannerCell.swift in Sources */,
				50A4DA0825BF453A006E7D1F /* ShiftOverviewViewController.swift in Sources */,
				50A4D9FE25BF453A006E7D1F /* ShiftOverviewCoordinator.swift in Sources */,
				50A4DA0725BF453A006E7D1F /* ShiftItems.swift in Sources */,
				50A4DA0225BF453A006E7D1F /* ShiftOverviewCell.swift in Sources */,
				50A4DA0A25BF453A006E7D1F /* ShiftOverviewUseCase.swift in Sources */,
				50A4D9FD25BF4539006E7D1F /* ShiftOverviewViewModel.swift in Sources */,
				50A4D9FF25BF453A006E7D1F /* ExtendedDateScrollerHitAreaNavigationBar.swift in Sources */,
				50A4DA0425BF453A006E7D1F /* ShiftOverviewHeaderCell.swift in Sources */,
				50A4DA0325BF453A006E7D1F /* EndOfResultsCell.swift in Sources */,
			);
			runOnlyForDeploymentPostprocessing = 0;
		};
		50A4D9C225BF452F006E7D1F /* Sources */ = {
			isa = PBXSourcesBuildPhase;
			buildActionMask = 2147483647;
			files = (
				50A4D9CC25BF452F006E7D1F /* ShiftOverviewTests.swift in Sources */,
			);
			runOnlyForDeploymentPostprocessing = 0;
		};
/* End PBXSourcesBuildPhase section */

/* Begin PBXTargetDependency section */
		50A4D9C925BF452F006E7D1F /* PBXTargetDependency */ = {
			isa = PBXTargetDependency;
			target = 50A4D9BC25BF452F006E7D1F /* ShiftOverview */;
			targetProxy = 50A4D9C825BF452F006E7D1F /* PBXContainerItemProxy */;
		};
/* End PBXTargetDependency section */

/* Begin XCBuildConfiguration section */
		50A4D9CF25BF452F006E7D1F /* Debug */ = {
			isa = XCBuildConfiguration;
			buildSettings = {
				ALWAYS_SEARCH_USER_PATHS = NO;
				CLANG_ANALYZER_NONNULL = YES;
				CLANG_ANALYZER_NUMBER_OBJECT_CONVERSION = YES_AGGRESSIVE;
				CLANG_CXX_LANGUAGE_STANDARD = "gnu++14";
				CLANG_CXX_LIBRARY = "libc++";
				CLANG_ENABLE_MODULES = YES;
				CLANG_ENABLE_OBJC_ARC = YES;
				CLANG_ENABLE_OBJC_WEAK = YES;
				CLANG_WARN_BLOCK_CAPTURE_AUTORELEASING = YES;
				CLANG_WARN_BOOL_CONVERSION = YES;
				CLANG_WARN_COMMA = YES;
				CLANG_WARN_CONSTANT_CONVERSION = YES;
				CLANG_WARN_DEPRECATED_OBJC_IMPLEMENTATIONS = YES;
				CLANG_WARN_DIRECT_OBJC_ISA_USAGE = YES_ERROR;
				CLANG_WARN_DOCUMENTATION_COMMENTS = YES;
				CLANG_WARN_EMPTY_BODY = YES;
				CLANG_WARN_ENUM_CONVERSION = YES;
				CLANG_WARN_INFINITE_RECURSION = YES;
				CLANG_WARN_INT_CONVERSION = YES;
				CLANG_WARN_NON_LITERAL_NULL_CONVERSION = YES;
				CLANG_WARN_OBJC_IMPLICIT_RETAIN_SELF = YES;
				CLANG_WARN_OBJC_LITERAL_CONVERSION = YES;
				CLANG_WARN_OBJC_ROOT_CLASS = YES_ERROR;
				CLANG_WARN_QUOTED_INCLUDE_IN_FRAMEWORK_HEADER = YES;
				CLANG_WARN_RANGE_LOOP_ANALYSIS = YES;
				CLANG_WARN_STRICT_PROTOTYPES = YES;
				CLANG_WARN_SUSPICIOUS_MOVE = YES;
				CLANG_WARN_UNGUARDED_AVAILABILITY = YES_AGGRESSIVE;
				CLANG_WARN_UNREACHABLE_CODE = YES;
				CLANG_WARN__DUPLICATE_METHOD_MATCH = YES;
				COPY_PHASE_STRIP = NO;
				CURRENT_PROJECT_VERSION = 1;
				DEBUG_INFORMATION_FORMAT = dwarf;
				ENABLE_STRICT_OBJC_MSGSEND = YES;
				ENABLE_TESTABILITY = YES;
				GCC_C_LANGUAGE_STANDARD = gnu11;
				GCC_DYNAMIC_NO_PIC = NO;
				GCC_NO_COMMON_BLOCKS = YES;
				GCC_OPTIMIZATION_LEVEL = 0;
				GCC_PREPROCESSOR_DEFINITIONS = (
					"DEBUG=1",
					"$(inherited)",
				);
				GCC_WARN_64_TO_32_BIT_CONVERSION = YES;
				GCC_WARN_ABOUT_RETURN_TYPE = YES_ERROR;
				GCC_WARN_UNDECLARED_SELECTOR = YES;
				GCC_WARN_UNINITIALIZED_AUTOS = YES_AGGRESSIVE;
				GCC_WARN_UNUSED_FUNCTION = YES;
				GCC_WARN_UNUSED_VARIABLE = YES;
				IPHONEOS_DEPLOYMENT_TARGET = 14.3;
				MTL_ENABLE_DEBUG_INFO = INCLUDE_SOURCE;
				MTL_FAST_MATH = YES;
				ONLY_ACTIVE_ARCH = YES;
				SDKROOT = iphoneos;
				SWIFT_ACTIVE_COMPILATION_CONDITIONS = DEBUG;
				SWIFT_OPTIMIZATION_LEVEL = "-Onone";
				VERSIONING_SYSTEM = "apple-generic";
				VERSION_INFO_PREFIX = "";
			};
			name = Debug;
		};
		50A4D9D025BF452F006E7D1F /* Release */ = {
			isa = XCBuildConfiguration;
			buildSettings = {
				ALWAYS_SEARCH_USER_PATHS = NO;
				CLANG_ANALYZER_NONNULL = YES;
				CLANG_ANALYZER_NUMBER_OBJECT_CONVERSION = YES_AGGRESSIVE;
				CLANG_CXX_LANGUAGE_STANDARD = "gnu++14";
				CLANG_CXX_LIBRARY = "libc++";
				CLANG_ENABLE_MODULES = YES;
				CLANG_ENABLE_OBJC_ARC = YES;
				CLANG_ENABLE_OBJC_WEAK = YES;
				CLANG_WARN_BLOCK_CAPTURE_AUTORELEASING = YES;
				CLANG_WARN_BOOL_CONVERSION = YES;
				CLANG_WARN_COMMA = YES;
				CLANG_WARN_CONSTANT_CONVERSION = YES;
				CLANG_WARN_DEPRECATED_OBJC_IMPLEMENTATIONS = YES;
				CLANG_WARN_DIRECT_OBJC_ISA_USAGE = YES_ERROR;
				CLANG_WARN_DOCUMENTATION_COMMENTS = YES;
				CLANG_WARN_EMPTY_BODY = YES;
				CLANG_WARN_ENUM_CONVERSION = YES;
				CLANG_WARN_INFINITE_RECURSION = YES;
				CLANG_WARN_INT_CONVERSION = YES;
				CLANG_WARN_NON_LITERAL_NULL_CONVERSION = YES;
				CLANG_WARN_OBJC_IMPLICIT_RETAIN_SELF = YES;
				CLANG_WARN_OBJC_LITERAL_CONVERSION = YES;
				CLANG_WARN_OBJC_ROOT_CLASS = YES_ERROR;
				CLANG_WARN_QUOTED_INCLUDE_IN_FRAMEWORK_HEADER = YES;
				CLANG_WARN_RANGE_LOOP_ANALYSIS = YES;
				CLANG_WARN_STRICT_PROTOTYPES = YES;
				CLANG_WARN_SUSPICIOUS_MOVE = YES;
				CLANG_WARN_UNGUARDED_AVAILABILITY = YES_AGGRESSIVE;
				CLANG_WARN_UNREACHABLE_CODE = YES;
				CLANG_WARN__DUPLICATE_METHOD_MATCH = YES;
				COPY_PHASE_STRIP = NO;
				CURRENT_PROJECT_VERSION = 1;
				DEBUG_INFORMATION_FORMAT = "dwarf-with-dsym";
				ENABLE_NS_ASSERTIONS = NO;
				ENABLE_STRICT_OBJC_MSGSEND = YES;
				GCC_C_LANGUAGE_STANDARD = gnu11;
				GCC_NO_COMMON_BLOCKS = YES;
				GCC_WARN_64_TO_32_BIT_CONVERSION = YES;
				GCC_WARN_ABOUT_RETURN_TYPE = YES_ERROR;
				GCC_WARN_UNDECLARED_SELECTOR = YES;
				GCC_WARN_UNINITIALIZED_AUTOS = YES_AGGRESSIVE;
				GCC_WARN_UNUSED_FUNCTION = YES;
				GCC_WARN_UNUSED_VARIABLE = YES;
				IPHONEOS_DEPLOYMENT_TARGET = 14.3;
				MTL_ENABLE_DEBUG_INFO = NO;
				MTL_FAST_MATH = YES;
				SDKROOT = iphoneos;
				SWIFT_COMPILATION_MODE = wholemodule;
				SWIFT_OPTIMIZATION_LEVEL = "-O";
				VALIDATE_PRODUCT = YES;
				VERSIONING_SYSTEM = "apple-generic";
				VERSION_INFO_PREFIX = "";
			};
			name = Release;
		};
		50A4D9D225BF452F006E7D1F /* Debug */ = {
			isa = XCBuildConfiguration;
			baseConfigurationReference = 26A2D086B85B763BE7600127 /* Pods-ShiftOverview.debug.xcconfig */;
			buildSettings = {
				CODE_SIGN_STYLE = Automatic;
				DEFINES_MODULE = YES;
				DEVELOPMENT_TEAM = 8U3N7M58T5;
				DYLIB_COMPATIBILITY_VERSION = 1;
				DYLIB_CURRENT_VERSION = 1;
				DYLIB_INSTALL_NAME_BASE = "@rpath";
				INFOPLIST_FILE = ShiftOverview/Info.plist;
				INSTALL_PATH = "$(LOCAL_LIBRARY_DIR)/Frameworks";
				LD_RUNPATH_SEARCH_PATHS = (
					"$(inherited)",
					"@executable_path/Frameworks",
					"@loader_path/Frameworks",
				);
				PRODUCT_BUNDLE_IDENTIFIER = com.smapps..ShiftOverview;
				PRODUCT_NAME = "$(TARGET_NAME:c99extidentifier)";
				SKIP_INSTALL = YES;
				SWIFT_VERSION = 5.0;
				TARGETED_DEVICE_FAMILY = "1,2";
			};
			name = Debug;
		};
		50A4D9D325BF452F006E7D1F /* Release */ = {
			isa = XCBuildConfiguration;
			baseConfigurationReference = 852CD874D7AD978FBDDF58E3 /* Pods-ShiftOverview.release.xcconfig */;
			buildSettings = {
				CODE_SIGN_STYLE = Automatic;
				DEFINES_MODULE = YES;
				DEVELOPMENT_TEAM = 8U3N7M58T5;
				DYLIB_COMPATIBILITY_VERSION = 1;
				DYLIB_CURRENT_VERSION = 1;
				DYLIB_INSTALL_NAME_BASE = "@rpath";
				INFOPLIST_FILE = ShiftOverview/Info.plist;
				INSTALL_PATH = "$(LOCAL_LIBRARY_DIR)/Frameworks";
				LD_RUNPATH_SEARCH_PATHS = (
					"$(inherited)",
					"@executable_path/Frameworks",
					"@loader_path/Frameworks",
				);
				PRODUCT_BUNDLE_IDENTIFIER = com.smapps..ShiftOverview;
				PRODUCT_NAME = "$(TARGET_NAME:c99extidentifier)";
				SKIP_INSTALL = YES;
				SWIFT_VERSION = 5.0;
				TARGETED_DEVICE_FAMILY = "1,2";
			};
			name = Release;
		};
		50A4D9D525BF452F006E7D1F /* Debug */ = {
			isa = XCBuildConfiguration;
			baseConfigurationReference = 1362916E0C5ECF853D9141DB /* Pods-ShiftOverview-ShiftOverviewTests.debug.xcconfig */;
			buildSettings = {
				ALWAYS_EMBED_SWIFT_STANDARD_LIBRARIES = YES;
				CODE_SIGN_STYLE = Automatic;
				DEVELOPMENT_TEAM = 8U3N7M58T5;
				INFOPLIST_FILE = ShiftOverviewTests/Info.plist;
				LD_RUNPATH_SEARCH_PATHS = (
					"$(inherited)",
					"@executable_path/Frameworks",
					"@loader_path/Frameworks",
				);
				PRODUCT_BUNDLE_IDENTIFIER = com.smapps..ShiftOverviewTests;
				PRODUCT_NAME = "$(TARGET_NAME)";
				SWIFT_VERSION = 5.0;
				TARGETED_DEVICE_FAMILY = "1,2";
			};
			name = Debug;
		};
		50A4D9D625BF452F006E7D1F /* Release */ = {
			isa = XCBuildConfiguration;
			baseConfigurationReference = D59F44C94A180CCF201D87BE /* Pods-ShiftOverview-ShiftOverviewTests.release.xcconfig */;
			buildSettings = {
				ALWAYS_EMBED_SWIFT_STANDARD_LIBRARIES = YES;
				CODE_SIGN_STYLE = Automatic;
				DEVELOPMENT_TEAM = 8U3N7M58T5;
				INFOPLIST_FILE = ShiftOverviewTests/Info.plist;
				LD_RUNPATH_SEARCH_PATHS = (
					"$(inherited)",
					"@executable_path/Frameworks",
					"@loader_path/Frameworks",
				);
				PRODUCT_BUNDLE_IDENTIFIER = com.smapps..ShiftOverviewTests;
				PRODUCT_NAME = "$(TARGET_NAME)";
				SWIFT_VERSION = 5.0;
				TARGETED_DEVICE_FAMILY = "1,2";
			};
			name = Release;
		};
/* End XCBuildConfiguration section */

/* Begin XCConfigurationList section */
		50A4D9B725BF452F006E7D1F /* Build configuration list for PBXProject "ShiftOverview" */ = {
			isa = XCConfigurationList;
			buildConfigurations = (
				50A4D9CF25BF452F006E7D1F /* Debug */,
				50A4D9D025BF452F006E7D1F /* Release */,
			);
			defaultConfigurationIsVisible = 0;
			defaultConfigurationName = Release;
		};
		50A4D9D125BF452F006E7D1F /* Build configuration list for PBXNativeTarget "ShiftOverview" */ = {
			isa = XCConfigurationList;
			buildConfigurations = (
				50A4D9D225BF452F006E7D1F /* Debug */,
				50A4D9D325BF452F006E7D1F /* Release */,
			);
			defaultConfigurationIsVisible = 0;
			defaultConfigurationName = Release;
		};
		50A4D9D425BF452F006E7D1F /* Build configuration list for PBXNativeTarget "ShiftOverviewTests" */ = {
			isa = XCConfigurationList;
			buildConfigurations = (
				50A4D9D525BF452F006E7D1F /* Debug */,
				50A4D9D625BF452F006E7D1F /* Release */,
			);
			defaultConfigurationIsVisible = 0;
			defaultConfigurationName = Release;
		};
/* End XCConfigurationList section */
	};
	rootObject = 50A4D9B425BF452F006E7D1F /* Project object */;
}
