// !$*UTF8*$!
{
	archiveVersion = 1;
	classes = {
	};
	objectVersion = 52;
	objects = {

/* Begin PBXBuildFile section */
		50A4D8E025BD8412006E7D1F /* Core.framework in Frameworks */ = {isa = PBXBuildFile; fileRef = 50A4D8D625BD8412006E7D1F /* Core.framework */; };
		50A4D8E525BD8412006E7D1F /* CoreTests.swift in Sources */ = {isa = PBXBuildFile; fileRef = 50A4D8E425BD8412006E7D1F /* CoreTests.swift */; };
		50A4D8E725BD8412006E7D1F /* Core.h in Headers */ = {isa = PBXBuildFile; fileRef = 50A4D8D925BD8412006E7D1F /* Core.h */; settings = {ATTRIBUTES = (Public, ); }; };
		50A4D8F725BE1E02006E7D1F /* ConfigType.swift in Sources */ = {isa = PBXBuildFile; fileRef = 50A4D8F425BE1E02006E7D1F /* ConfigType.swift */; };
		50A4D8F825BE1E02006E7D1F /* Environment.swift in Sources */ = {isa = PBXBuildFile; fileRef = 50A4D8F525BE1E02006E7D1F /* Environment.swift */; };
		50A4D8F925BE1E02006E7D1F /* AppConfig.swift in Sources */ = {isa = PBXBuildFile; fileRef = 50A4D8F625BE1E02006E7D1F /* AppConfig.swift */; };
		50A4D91F25BE2483006E7D1F /* GraphQLClient.swift in Sources */ = {isa = PBXBuildFile; fileRef = 50A4D91D25BE2483006E7D1F /* GraphQLClient.swift */; };
		50A4D92025BE2483006E7D1F /* ApolloClient+Rx.swift in Sources */ = {isa = PBXBuildFile; fileRef = 50A4D91E25BE2483006E7D1F /* ApolloClient+Rx.swift */; };
		50A4D95F25BE293C006E7D1F /* GraphQLClientProtocol.swift in Sources */ = {isa = PBXBuildFile; fileRef = 50A4D95E25BE293C006E7D1F /* GraphQLClientProtocol.swift */; };
		50A4D99025BE2A67006E7D1F /* Utils.framework in Frameworks */ = {isa = PBXBuildFile; fileRef = 50A4D98F25BE2A67006E7D1F /* Utils.framework */; platformFilter = ios; };
		C0E84C197D79A1F923F6101E /* libPods-Core.a in Frameworks */ = {isa = PBXBuildFile; fileRef = 95D1F42D4314C9D46F855043 /* libPods-Core.a */; };
		D93AF14FDF3F9792A16CCE7C /* libPods-Core-CoreTests.a in Frameworks */ = {isa = PBXBuildFile; fileRef = D9BB368CC695C2D1FC7E68A3 /* libPods-Core-CoreTests.a */; };
/* End PBXBuildFile section */

/* Begin PBXContainerItemProxy section */
		50A4D8E125BD8412006E7D1F /* PBXContainerItemProxy */ = {
			isa = PBXContainerItemProxy;
			containerPortal = 50A4D8CD25BD8412006E7D1F /* Project object */;
			proxyType = 1;
			remoteGlobalIDString = 50A4D8D525BD8412006E7D1F;
			remoteInfo = Core;
		};
/* End PBXContainerItemProxy section */

/* Begin PBXFileReference section */
		08BD246035C2E9EA77A56715 /* Pods-Core-CoreTests.debug.xcconfig */ = {isa = PBXFileReference; includeInIndex = 1; lastKnownFileType = text.xcconfig; name = "Pods-Core-CoreTests.debug.xcconfig"; path = "Target Support Files/Pods-Core-CoreTests/Pods-Core-CoreTests.debug.xcconfig"; sourceTree = "<group>"; };
		1976C91CD5324C0015DC4E2B /* Pods-Core.release.xcconfig */ = {isa = PBXFileReference; includeInIndex = 1; lastKnownFileType = text.xcconfig; name = "Pods-Core.release.xcconfig"; path = "Target Support Files/Pods-Core/Pods-Core.release.xcconfig"; sourceTree = "<group>"; };
		50A4D8D625BD8412006E7D1F /* Core.framework */ = {isa = PBXFileReference; explicitFileType = wrapper.framework; includeInIndex = 0; path = Core.framework; sourceTree = BUILT_PRODUCTS_DIR; };
		50A4D8D925BD8412006E7D1F /* Core.h */ = {isa = PBXFileReference; lastKnownFileType = sourcecode.c.h; path = Core.h; sourceTree = "<group>"; };
		50A4D8DA25BD8412006E7D1F /* Info.plist */ = {isa = PBXFileReference; lastKnownFileType = text.plist.xml; path = Info.plist; sourceTree = "<group>"; };
		50A4D8DF25BD8412006E7D1F /* CoreTests.xctest */ = {isa = PBXFileReference; explicitFileType = wrapper.cfbundle; includeInIndex = 0; path = CoreTests.xctest; sourceTree = BUILT_PRODUCTS_DIR; };
		50A4D8E425BD8412006E7D1F /* CoreTests.swift */ = {isa = PBXFileReference; lastKnownFileType = sourcecode.swift; path = CoreTests.swift; sourceTree = "<group>"; };
		50A4D8E625BD8412006E7D1F /* Info.plist */ = {isa = PBXFileReference; lastKnownFileType = text.plist.xml; path = Info.plist; sourceTree = "<group>"; };
		50A4D8F425BE1E02006E7D1F /* ConfigType.swift */ = {isa = PBXFileReference; fileEncoding = 4; lastKnownFileType = sourcecode.swift; path = ConfigType.swift; sourceTree = "<group>"; };
		50A4D8F525BE1E02006E7D1F /* Environment.swift */ = {isa = PBXFileReference; fileEncoding = 4; lastKnownFileType = sourcecode.swift; path = Environment.swift; sourceTree = "<group>"; };
		50A4D8F625BE1E02006E7D1F /* AppConfig.swift */ = {isa = PBXFileReference; fileEncoding = 4; lastKnownFileType = sourcecode.swift; path = AppConfig.swift; sourceTree = "<group>"; };
		50A4D91D25BE2483006E7D1F /* GraphQLClient.swift */ = {isa = PBXFileReference; fileEncoding = 4; lastKnownFileType = sourcecode.swift; path = GraphQLClient.swift; sourceTree = "<group>"; };
		50A4D91E25BE2483006E7D1F /* ApolloClient+Rx.swift */ = {isa = PBXFileReference; fileEncoding = 4; lastKnownFileType = sourcecode.swift; path = "ApolloClient+Rx.swift"; sourceTree = "<group>"; };
		50A4D95E25BE293C006E7D1F /* GraphQLClientProtocol.swift */ = {isa = PBXFileReference; fileEncoding = 4; lastKnownFileType = sourcecode.swift; path = GraphQLClientProtocol.swift; sourceTree = "<group>"; };
		50A4D98F25BE2A67006E7D1F /* Utils.framework */ = {isa = PBXFileReference; explicitFileType = wrapper.framework; path = Utils.framework; sourceTree = BUILT_PRODUCTS_DIR; };
		5A613B0387870021A491822B /* Pods-Core-CoreTests.release.xcconfig */ = {isa = PBXFileReference; includeInIndex = 1; lastKnownFileType = text.xcconfig; name = "Pods-Core-CoreTests.release.xcconfig"; path = "Target Support Files/Pods-Core-CoreTests/Pods-Core-CoreTests.release.xcconfig"; sourceTree = "<group>"; };
		95D1F42D4314C9D46F855043 /* libPods-Core.a */ = {isa = PBXFileReference; explicitFileType = archive.ar; includeInIndex = 0; path = "libPods-Core.a"; sourceTree = BUILT_PRODUCTS_DIR; };
		D9BB368CC695C2D1FC7E68A3 /* libPods-Core-CoreTests.a */ = {isa = PBXFileReference; explicitFileType = archive.ar; includeInIndex = 0; path = "libPods-Core-CoreTests.a"; sourceTree = BUILT_PRODUCTS_DIR; };
		F831ABE2295B6E2F7E25CE3F /* Pods-Core.debug.xcconfig */ = {isa = PBXFileReference; includeInIndex = 1; lastKnownFileType = text.xcconfig; name = "Pods-Core.debug.xcconfig"; path = "Target Support Files/Pods-Core/Pods-Core.debug.xcconfig"; sourceTree = "<group>"; };
/* End PBXFileReference section */

/* Begin PBXFrameworksBuildPhase section */
		50A4D8D325BD8412006E7D1F /* Frameworks */ = {
			isa = PBXFrameworksBuildPhase;
			buildActionMask = 2147483647;
			files = (
				50A4D99025BE2A67006E7D1F /* Utils.framework in Frameworks */,
				C0E84C197D79A1F923F6101E /* libPods-Core.a in Frameworks */,
			);
			runOnlyForDeploymentPostprocessing = 0;
		};
		50A4D8DC25BD8412006E7D1F /* Frameworks */ = {
			isa = PBXFrameworksBuildPhase;
			buildActionMask = 2147483647;
			files = (
				50A4D8E025BD8412006E7D1F /* Core.framework in Frameworks */,
				D93AF14FDF3F9792A16CCE7C /* libPods-Core-CoreTests.a in Frameworks */,
			);
			runOnlyForDeploymentPostprocessing = 0;
		};
/* End PBXFrameworksBuildPhase section */

/* Begin PBXGroup section */
		50A4D8CC25BD8412006E7D1F = {
			isa = PBXGroup;
			children = (
				50A4D8D825BD8412006E7D1F /* Core */,
				50A4D8E325BD8412006E7D1F /* CoreTests */,
				50A4D8D725BD8412006E7D1F /* Products */,
				FA98798B0CAF242C606C6009 /* Pods */,
				F9CB39014272F3B2875B814D /* Frameworks */,
			);
			sourceTree = "<group>";
		};
		50A4D8D725BD8412006E7D1F /* Products */ = {
			isa = PBXGroup;
			children = (
				50A4D8D625BD8412006E7D1F /* Core.framework */,
				50A4D8DF25BD8412006E7D1F /* CoreTests.xctest */,
			);
			name = Products;
			sourceTree = "<group>";
		};
		50A4D8D825BD8412006E7D1F /* Core */ = {
			isa = PBXGroup;
			children = (
				50A4D91725BE2451006E7D1F /* GraphQL */,
				50A4D8F325BE1E02006E7D1F /* Configs */,
				50A4D8D925BD8412006E7D1F /* Core.h */,
				50A4D8DA25BD8412006E7D1F /* Info.plist */,
			);
			path = Core;
			sourceTree = "<group>";
		};
		50A4D8E325BD8412006E7D1F /* CoreTests */ = {
			isa = PBXGroup;
			children = (
				50A4D8E425BD8412006E7D1F /* CoreTests.swift */,
				50A4D8E625BD8412006E7D1F /* Info.plist */,
			);
			path = CoreTests;
			sourceTree = "<group>";
		};
		50A4D8F325BE1E02006E7D1F /* Configs */ = {
			isa = PBXGroup;
			children = (
				50A4D8F425BE1E02006E7D1F /* ConfigType.swift */,
				50A4D8F525BE1E02006E7D1F /* Environment.swift */,
				50A4D8F625BE1E02006E7D1F /* AppConfig.swift */,
			);
			path = Configs;
			sourceTree = "<group>";
		};
		50A4D91725BE2451006E7D1F /* GraphQL */ = {
			isa = PBXGroup;
			children = (
				50A4D95D25BE293C006E7D1F /* Protocols */,
				50A4D91C25BE2483006E7D1F /* Client */,
				50A4D91825BE2459006E7D1F /* Operations */,
			);
			path = GraphQL;
			sourceTree = "<group>";
		};
		50A4D91825BE2459006E7D1F /* Operations */ = {
			isa = PBXGroup;
			children = (
				50A4D91925BE245D006E7D1F /* Fragments */,
				50A4D91B25BE2472006E7D1F /* Mutations */,
				50A4D91A25BE246B006E7D1F /* Queries */,
			);
			path = Operations;
			sourceTree = "<group>";
		};
		50A4D91925BE245D006E7D1F /* Fragments */ = {
			isa = PBXGroup;
			children = (
			);
			path = Fragments;
			sourceTree = "<group>";
		};
		50A4D91A25BE246B006E7D1F /* Queries */ = {
			isa = PBXGroup;
			children = (
			);
			path = Queries;
			sourceTree = "<group>";
		};
		50A4D91B25BE2472006E7D1F /* Mutations */ = {
			isa = PBXGroup;
			children = (
			);
			path = Mutations;
			sourceTree = "<group>";
		};
		50A4D91C25BE2483006E7D1F /* Client */ = {
			isa = PBXGroup;
			children = (
				50A4D91D25BE2483006E7D1F /* GraphQLClient.swift */,
				50A4D91E25BE2483006E7D1F /* ApolloClient+Rx.swift */,
			);
			path = Client;
			sourceTree = "<group>";
		};
		50A4D95D25BE293C006E7D1F /* Protocols */ = {
			isa = PBXGroup;
			children = (
				50A4D95E25BE293C006E7D1F /* GraphQLClientProtocol.swift */,
			);
			path = Protocols;
			sourceTree = "<group>";
		};
		F9CB39014272F3B2875B814D /* Frameworks */ = {
			isa = PBXGroup;
			children = (
				50A4D98F25BE2A67006E7D1F /* Utils.framework */,
				95D1F42D4314C9D46F855043 /* libPods-Core.a */,
				D9BB368CC695C2D1FC7E68A3 /* libPods-Core-CoreTests.a */,
			);
			name = Frameworks;
			sourceTree = "<group>";
		};
		FA98798B0CAF242C606C6009 /* Pods */ = {
			isa = PBXGroup;
			children = (
				F831ABE2295B6E2F7E25CE3F /* Pods-Core.debug.xcconfig */,
				1976C91CD5324C0015DC4E2B /* Pods-Core.release.xcconfig */,
				08BD246035C2E9EA77A56715 /* Pods-Core-CoreTests.debug.xcconfig */,
				5A613B0387870021A491822B /* Pods-Core-CoreTests.release.xcconfig */,
			);
			name = Pods;
			path = ../Pods;
			sourceTree = "<group>";
		};
/* End PBXGroup section */

/* Begin PBXHeadersBuildPhase section */
		50A4D8D125BD8412006E7D1F /* Headers */ = {
			isa = PBXHeadersBuildPhase;
			buildActionMask = 2147483647;
			files = (
				50A4D8E725BD8412006E7D1F /* Core.h in Headers */,
			);
			runOnlyForDeploymentPostprocessing = 0;
		};
/* End PBXHeadersBuildPhase section */

/* Begin PBXNativeTarget section */
		50A4D8D525BD8412006E7D1F /* Core */ = {
			isa = PBXNativeTarget;
			buildConfigurationList = 50A4D8EA25BD8412006E7D1F /* Build configuration list for PBXNativeTarget "Core" */;
			buildPhases = (
				B0B1ED3A8C2246FA0F2F004A /* [CP] Check Pods Manifest.lock */,
				50A4D8D125BD8412006E7D1F /* Headers */,
				50A4D8D225BD8412006E7D1F /* Sources */,
				50A4D8D325BD8412006E7D1F /* Frameworks */,
				50A4D8D425BD8412006E7D1F /* Resources */,
			);
			buildRules = (
			);
			dependencies = (
			);
			name = Core;
			productName = Core;
			productReference = 50A4D8D625BD8412006E7D1F /* Core.framework */;
			productType = "com.apple.product-type.framework";
		};
		50A4D8DE25BD8412006E7D1F /* CoreTests */ = {
			isa = PBXNativeTarget;
			buildConfigurationList = 50A4D8ED25BD8412006E7D1F /* Build configuration list for PBXNativeTarget "CoreTests" */;
			buildPhases = (
				68170A1EE645AB8CAF4EF6FC /* [CP] Check Pods Manifest.lock */,
				50A4D8DB25BD8412006E7D1F /* Sources */,
				50A4D8DC25BD8412006E7D1F /* Frameworks */,
				50A4D8DD25BD8412006E7D1F /* Resources */,
			);
			buildRules = (
			);
			dependencies = (
				50A4D8E225BD8412006E7D1F /* PBXTargetDependency */,
			);
			name = CoreTests;
			productName = CoreTests;
			productReference = 50A4D8DF25BD8412006E7D1F /* CoreTests.xctest */;
			productType = "com.apple.product-type.bundle.unit-test";
		};
/* End PBXNativeTarget section */

/* Begin PBXProject section */
		50A4D8CD25BD8412006E7D1F /* Project object */ = {
			isa = PBXProject;
			attributes = {
				LastSwiftUpdateCheck = 1230;
				LastUpgradeCheck = 1230;
				TargetAttributes = {
					50A4D8D525BD8412006E7D1F = {
						CreatedOnToolsVersion = 12.3;
					};
					50A4D8DE25BD8412006E7D1F = {
						CreatedOnToolsVersion = 12.3;
					};
				};
			};
			buildConfigurationList = 50A4D8D025BD8412006E7D1F /* Build configuration list for PBXProject "Core" */;
			compatibilityVersion = "Xcode 9.3";
			developmentRegion = en;
			hasScannedForEncodings = 0;
			knownRegions = (
				en,
				Base,
			);
			mainGroup = 50A4D8CC25BD8412006E7D1F;
			productRefGroup = 50A4D8D725BD8412006E7D1F /* Products */;
			projectDirPath = "";
			projectRoot = "";
			targets = (
				50A4D8D525BD8412006E7D1F /* Core */,
				50A4D8DE25BD8412006E7D1F /* CoreTests */,
			);
		};
/* End PBXProject section */

/* Begin PBXResourcesBuildPhase section */
		50A4D8D425BD8412006E7D1F /* Resources */ = {
			isa = PBXResourcesBuildPhase;
			buildActionMask = 2147483647;
			files = (
			);
			runOnlyForDeploymentPostprocessing = 0;
		};
		50A4D8DD25BD8412006E7D1F /* Resources */ = {
			isa = PBXResourcesBuildPhase;
			buildActionMask = 2147483647;
			files = (
			);
			runOnlyForDeploymentPostprocessing = 0;
		};
/* End PBXResourcesBuildPhase section */

/* Begin PBXShellScriptBuildPhase section */
		68170A1EE645AB8CAF4EF6FC /* [CP] Check Pods Manifest.lock */ = {
			isa = PBXShellScriptBuildPhase;
			buildActionMask = 2147483647;
			files = (
			);
			inputFileListPaths = (
			);
			inputPaths = (
				"${PODS_PODFILE_DIR_PATH}/Podfile.lock",
				"${PODS_ROOT}/Manifest.lock",
			);
			name = "[CP] Check Pods Manifest.lock";
			outputFileListPaths = (
			);
			outputPaths = (
				"$(DERIVED_FILE_DIR)/Pods-Core-CoreTests-checkManifestLockResult.txt",
			);
			runOnlyForDeploymentPostprocessing = 0;
			shellPath = /bin/sh;
			shellScript = "diff \"${PODS_PODFILE_DIR_PATH}/Podfile.lock\" \"${PODS_ROOT}/Manifest.lock\" > /dev/null\nif [ $? != 0 ] ; then\n    # print error to STDERR\n    echo \"error: The sandbox is not in sync with the Podfile.lock. Run 'pod install' or update your CocoaPods installation.\" >&2\n    exit 1\nfi\n# This output is used by Xcode 'outputs' to avoid re-running this script phase.\necho \"SUCCESS\" > \"${SCRIPT_OUTPUT_FILE_0}\"\n";
			showEnvVarsInLog = 0;
		};
		B0B1ED3A8C2246FA0F2F004A /* [CP] Check Pods Manifest.lock */ = {
			isa = PBXShellScriptBuildPhase;
			buildActionMask = 2147483647;
			files = (
			);
			inputFileListPaths = (
			);
			inputPaths = (
				"${PODS_PODFILE_DIR_PATH}/Podfile.lock",
				"${PODS_ROOT}/Manifest.lock",
			);
			name = "[CP] Check Pods Manifest.lock";
			outputFileListPaths = (
			);
			outputPaths = (
				"$(DERIVED_FILE_DIR)/Pods-Core-checkManifestLockResult.txt",
			);
			runOnlyForDeploymentPostprocessing = 0;
			shellPath = /bin/sh;
			shellScript = "diff \"${PODS_PODFILE_DIR_PATH}/Podfile.lock\" \"${PODS_ROOT}/Manifest.lock\" > /dev/null\nif [ $? != 0 ] ; then\n    # print error to STDERR\n    echo \"error: The sandbox is not in sync with the Podfile.lock. Run 'pod install' or update your CocoaPods installation.\" >&2\n    exit 1\nfi\n# This output is used by Xcode 'outputs' to avoid re-running this script phase.\necho \"SUCCESS\" > \"${SCRIPT_OUTPUT_FILE_0}\"\n";
			showEnvVarsInLog = 0;
		};
/* End PBXShellScriptBuildPhase section */

/* Begin PBXSourcesBuildPhase section */
		50A4D8D225BD8412006E7D1F /* Sources */ = {
			isa = PBXSourcesBuildPhase;
			buildActionMask = 2147483647;
			files = (
				50A4D91F25BE2483006E7D1F /* GraphQLClient.swift in Sources */,
				50A4D8F925BE1E02006E7D1F /* AppConfig.swift in Sources */,
				50A4D92025BE2483006E7D1F /* ApolloClient+Rx.swift in Sources */,
				50A4D8F725BE1E02006E7D1F /* ConfigType.swift in Sources */,
				50A4D95F25BE293C006E7D1F /* GraphQLClientProtocol.swift in Sources */,
				50A4D8F825BE1E02006E7D1F /* Environment.swift in Sources */,
			);
			runOnlyForDeploymentPostprocessing = 0;
		};
		50A4D8DB25BD8412006E7D1F /* Sources */ = {
			isa = PBXSourcesBuildPhase;
			buildActionMask = 2147483647;
			files = (
				50A4D8E525BD8412006E7D1F /* CoreTests.swift in Sources */,
			);
			runOnlyForDeploymentPostprocessing = 0;
		};
/* End PBXSourcesBuildPhase section */

/* Begin PBXTargetDependency section */
		50A4D8E225BD8412006E7D1F /* PBXTargetDependency */ = {
			isa = PBXTargetDependency;
			target = 50A4D8D525BD8412006E7D1F /* Core */;
			targetProxy = 50A4D8E125BD8412006E7D1F /* PBXContainerItemProxy */;
		};
/* End PBXTargetDependency section */

/* Begin XCBuildConfiguration section */
		50A4D8E825BD8412006E7D1F /* Debug */ = {
			isa = XCBuildConfiguration;
			buildSettings = {
				ALWAYS_SEARCH_USER_PATHS = NO;
				CLANG_ANALYZER_NONNULL = YES;
				CLANG_ANALYZER_NUMBER_OBJECT_CONVERSION = YES_AGGRESSIVE;
				CLANG_CXX_LANGUAGE_STANDARD = "gnu++14";
				CLANG_CXX_LIBRARY = "libc++";
				CLANG_ENABLE_MODULES = YES;
				CLANG_ENABLE_OBJC_ARC = YES;
				CLANG_ENABLE_OBJC_WEAK = YES;
				CLANG_WARN_BLOCK_CAPTURE_AUTORELEASING = YES;
				CLANG_WARN_BOOL_CONVERSION = YES;
				CLANG_WARN_COMMA = YES;
				CLANG_WARN_CONSTANT_CONVERSION = YES;
				CLANG_WARN_DEPRECATED_OBJC_IMPLEMENTATIONS = YES;
				CLANG_WARN_DIRECT_OBJC_ISA_USAGE = YES_ERROR;
				CLANG_WARN_DOCUMENTATION_COMMENTS = YES;
				CLANG_WARN_EMPTY_BODY = YES;
				CLANG_WARN_ENUM_CONVERSION = YES;
				CLANG_WARN_INFINITE_RECURSION = YES;
				CLANG_WARN_INT_CONVERSION = YES;
				CLANG_WARN_NON_LITERAL_NULL_CONVERSION = YES;
				CLANG_WARN_OBJC_IMPLICIT_RETAIN_SELF = YES;
				CLANG_WARN_OBJC_LITERAL_CONVERSION = YES;
				CLANG_WARN_OBJC_ROOT_CLASS = YES_ERROR;
				CLANG_WARN_QUOTED_INCLUDE_IN_FRAMEWORK_HEADER = YES;
				CLANG_WARN_RANGE_LOOP_ANALYSIS = YES;
				CLANG_WARN_STRICT_PROTOTYPES = YES;
				CLANG_WARN_SUSPICIOUS_MOVE = YES;
				CLANG_WARN_UNGUARDED_AVAILABILITY = YES_AGGRESSIVE;
				CLANG_WARN_UNREACHABLE_CODE = YES;
				CLANG_WARN__DUPLICATE_METHOD_MATCH = YES;
				COPY_PHASE_STRIP = NO;
				CURRENT_PROJECT_VERSION = 1;
				DEBUG_INFORMATION_FORMAT = dwarf;
				ENABLE_STRICT_OBJC_MSGSEND = YES;
				ENABLE_TESTABILITY = YES;
				GCC_C_LANGUAGE_STANDARD = gnu11;
				GCC_DYNAMIC_NO_PIC = NO;
				GCC_NO_COMMON_BLOCKS = YES;
				GCC_OPTIMIZATION_LEVEL = 0;
				GCC_PREPROCESSOR_DEFINITIONS = (
					"DEBUG=1",
					"$(inherited)",
				);
				GCC_WARN_64_TO_32_BIT_CONVERSION = YES;
				GCC_WARN_ABOUT_RETURN_TYPE = YES_ERROR;
				GCC_WARN_UNDECLARED_SELECTOR = YES;
				GCC_WARN_UNINITIALIZED_AUTOS = YES_AGGRESSIVE;
				GCC_WARN_UNUSED_FUNCTION = YES;
				GCC_WARN_UNUSED_VARIABLE = YES;
				IPHONEOS_DEPLOYMENT_TARGET = 13.2;
				MTL_ENABLE_DEBUG_INFO = INCLUDE_SOURCE;
				MTL_FAST_MATH = YES;
				ONLY_ACTIVE_ARCH = YES;
				SDKROOT = iphoneos;
				SWIFT_ACTIVE_COMPILATION_CONDITIONS = DEBUG;
				SWIFT_OPTIMIZATION_LEVEL = "-Onone";
				VERSIONING_SYSTEM = "apple-generic";
				VERSION_INFO_PREFIX = "";
			};
			name = Debug;
		};
		50A4D8E925BD8412006E7D1F /* Release */ = {
			isa = XCBuildConfiguration;
			buildSettings = {
				ALWAYS_SEARCH_USER_PATHS = NO;
				CLANG_ANALYZER_NONNULL = YES;
				CLANG_ANALYZER_NUMBER_OBJECT_CONVERSION = YES_AGGRESSIVE;
				CLANG_CXX_LANGUAGE_STANDARD = "gnu++14";
				CLANG_CXX_LIBRARY = "libc++";
				CLANG_ENABLE_MODULES = YES;
				CLANG_ENABLE_OBJC_ARC = YES;
				CLANG_ENABLE_OBJC_WEAK = YES;
				CLANG_WARN_BLOCK_CAPTURE_AUTORELEASING = YES;
				CLANG_WARN_BOOL_CONVERSION = YES;
				CLANG_WARN_COMMA = YES;
				CLANG_WARN_CONSTANT_CONVERSION = YES;
				CLANG_WARN_DEPRECATED_OBJC_IMPLEMENTATIONS = YES;
				CLANG_WARN_DIRECT_OBJC_ISA_USAGE = YES_ERROR;
				CLANG_WARN_DOCUMENTATION_COMMENTS = YES;
				CLANG_WARN_EMPTY_BODY = YES;
				CLANG_WARN_ENUM_CONVERSION = YES;
				CLANG_WARN_INFINITE_RECURSION = YES;
				CLANG_WARN_INT_CONVERSION = YES;
				CLANG_WARN_NON_LITERAL_NULL_CONVERSION = YES;
				CLANG_WARN_OBJC_IMPLICIT_RETAIN_SELF = YES;
				CLANG_WARN_OBJC_LITERAL_CONVERSION = YES;
				CLANG_WARN_OBJC_ROOT_CLASS = YES_ERROR;
				CLANG_WARN_QUOTED_INCLUDE_IN_FRAMEWORK_HEADER = YES;
				CLANG_WARN_RANGE_LOOP_ANALYSIS = YES;
				CLANG_WARN_STRICT_PROTOTYPES = YES;
				CLANG_WARN_SUSPICIOUS_MOVE = YES;
				CLANG_WARN_UNGUARDED_AVAILABILITY = YES_AGGRESSIVE;
				CLANG_WARN_UNREACHABLE_CODE = YES;
				CLANG_WARN__DUPLICATE_METHOD_MATCH = YES;
				COPY_PHASE_STRIP = NO;
				CURRENT_PROJECT_VERSION = 1;
				DEBUG_INFORMATION_FORMAT = "dwarf-with-dsym";
				ENABLE_NS_ASSERTIONS = NO;
				ENABLE_STRICT_OBJC_MSGSEND = YES;
				GCC_C_LANGUAGE_STANDARD = gnu11;
				GCC_NO_COMMON_BLOCKS = YES;
				GCC_WARN_64_TO_32_BIT_CONVERSION = YES;
				GCC_WARN_ABOUT_RETURN_TYPE = YES_ERROR;
				GCC_WARN_UNDECLARED_SELECTOR = YES;
				GCC_WARN_UNINITIALIZED_AUTOS = YES_AGGRESSIVE;
				GCC_WARN_UNUSED_FUNCTION = YES;
				GCC_WARN_UNUSED_VARIABLE = YES;
				IPHONEOS_DEPLOYMENT_TARGET = 13.2;
				MTL_ENABLE_DEBUG_INFO = NO;
				MTL_FAST_MATH = YES;
				SDKROOT = iphoneos;
				SWIFT_COMPILATION_MODE = wholemodule;
				SWIFT_OPTIMIZATION_LEVEL = "-O";
				VALIDATE_PRODUCT = YES;
				VERSIONING_SYSTEM = "apple-generic";
				VERSION_INFO_PREFIX = "";
			};
			name = Release;
		};
		50A4D8EB25BD8412006E7D1F /* Debug */ = {
			isa = XCBuildConfiguration;
			baseConfigurationReference = F831ABE2295B6E2F7E25CE3F /* Pods-Core.debug.xcconfig */;
			buildSettings = {
				CODE_SIGN_STYLE = Automatic;
				DEFINES_MODULE = YES;
				DEVELOPMENT_TEAM = 8U3N7M58T5;
				DYLIB_COMPATIBILITY_VERSION = 1;
				DYLIB_CURRENT_VERSION = 1;
				DYLIB_INSTALL_NAME_BASE = "@rpath";
				INFOPLIST_FILE = Core/Info.plist;
				INSTALL_PATH = "$(LOCAL_LIBRARY_DIR)/Frameworks";
				LD_RUNPATH_SEARCH_PATHS = (
					"$(inherited)",
					"@executable_path/Frameworks",
					"@loader_path/Frameworks",
				);
				PRODUCT_BUNDLE_IDENTIFIER = com.smapps..Core;
				PRODUCT_NAME = "$(TARGET_NAME:c99extidentifier)";
				SKIP_INSTALL = YES;
				SWIFT_VERSION = 5.0;
				TARGETED_DEVICE_FAMILY = "1,2";
			};
			name = Debug;
		};
		50A4D8EC25BD8412006E7D1F /* Release */ = {
			isa = XCBuildConfiguration;
			baseConfigurationReference = 1976C91CD5324C0015DC4E2B /* Pods-Core.release.xcconfig */;
			buildSettings = {
				CODE_SIGN_STYLE = Automatic;
				DEFINES_MODULE = YES;
				DEVELOPMENT_TEAM = 8U3N7M58T5;
				DYLIB_COMPATIBILITY_VERSION = 1;
				DYLIB_CURRENT_VERSION = 1;
				DYLIB_INSTALL_NAME_BASE = "@rpath";
				INFOPLIST_FILE = Core/Info.plist;
				INSTALL_PATH = "$(LOCAL_LIBRARY_DIR)/Frameworks";
				LD_RUNPATH_SEARCH_PATHS = (
					"$(inherited)",
					"@executable_path/Frameworks",
					"@loader_path/Frameworks",
				);
				PRODUCT_BUNDLE_IDENTIFIER = com.smapps..Core;
				PRODUCT_NAME = "$(TARGET_NAME:c99extidentifier)";
				SKIP_INSTALL = YES;
				SWIFT_VERSION = 5.0;
				TARGETED_DEVICE_FAMILY = "1,2";
			};
			name = Release;
		};
		50A4D8EE25BD8412006E7D1F /* Debug */ = {
			isa = XCBuildConfiguration;
			baseConfigurationReference = 08BD246035C2E9EA77A56715 /* Pods-Core-CoreTests.debug.xcconfig */;
			buildSettings = {
				ALWAYS_EMBED_SWIFT_STANDARD_LIBRARIES = YES;
				CODE_SIGN_STYLE = Automatic;
				DEVELOPMENT_TEAM = 8U3N7M58T5;
				INFOPLIST_FILE = CoreTests/Info.plist;
				LD_RUNPATH_SEARCH_PATHS = (
					"$(inherited)",
					"@executable_path/Frameworks",
					"@loader_path/Frameworks",
				);
				PRODUCT_BUNDLE_IDENTIFIER = com.smapps..CoreTests;
				PRODUCT_NAME = "$(TARGET_NAME)";
				SWIFT_VERSION = 5.0;
				TARGETED_DEVICE_FAMILY = "1,2";
			};
			name = Debug;
		};
		50A4D8EF25BD8412006E7D1F /* Release */ = {
			isa = XCBuildConfiguration;
			baseConfigurationReference = 5A613B0387870021A491822B /* Pods-Core-CoreTests.release.xcconfig */;
			buildSettings = {
				ALWAYS_EMBED_SWIFT_STANDARD_LIBRARIES = YES;
				CODE_SIGN_STYLE = Automatic;
				DEVELOPMENT_TEAM = 8U3N7M58T5;
				INFOPLIST_FILE = CoreTests/Info.plist;
				LD_RUNPATH_SEARCH_PATHS = (
					"$(inherited)",
					"@executable_path/Frameworks",
					"@loader_path/Frameworks",
				);
				PRODUCT_BUNDLE_IDENTIFIER = com.smapps..CoreTests;
				PRODUCT_NAME = "$(TARGET_NAME)";
				SWIFT_VERSION = 5.0;
				TARGETED_DEVICE_FAMILY = "1,2";
			};
			name = Release;
		};
/* End XCBuildConfiguration section */

/* Begin XCConfigurationList section */
		50A4D8D025BD8412006E7D1F /* Build configuration list for PBXProject "Core" */ = {
			isa = XCConfigurationList;
			buildConfigurations = (
				50A4D8E825BD8412006E7D1F /* Debug */,
				50A4D8E925BD8412006E7D1F /* Release */,
			);
			defaultConfigurationIsVisible = 0;
			defaultConfigurationName = Release;
		};
		50A4D8EA25BD8412006E7D1F /* Build configuration list for PBXNativeTarget "Core" */ = {
			isa = XCConfigurationList;
			buildConfigurations = (
				50A4D8EB25BD8412006E7D1F /* Debug */,
				50A4D8EC25BD8412006E7D1F /* Release */,
			);
			defaultConfigurationIsVisible = 0;
			defaultConfigurationName = Release;
		};
		50A4D8ED25BD8412006E7D1F /* Build configuration list for PBXNativeTarget "CoreTests" */ = {
			isa = XCConfigurationList;
			buildConfigurations = (
				50A4D8EE25BD8412006E7D1F /* Debug */,
				50A4D8EF25BD8412006E7D1F /* Release */,
			);
			defaultConfigurationIsVisible = 0;
			defaultConfigurationName = Release;
		};
/* End XCConfigurationList section */
	};
	rootObject = 50A4D8CD25BD8412006E7D1F /* Project object */;
}
